// !$*UTF8*$!
{
	archiveVersion = 1;
	classes = {
	};
	objectVersion = 56;
	objects = {

/* Begin PBXBuildFile section */
		99777A2F2BB8EBBA00271672 /* Accordian Back F A#3.wav in Resources */ = {isa = PBXBuildFile; fileRef = 997779962BB8EBBA00271672 /* Accordian Back F A#3.wav */; };
		99777A302BB8EBBA00271672 /* Accordian Back F A#4.wav in Resources */ = {isa = PBXBuildFile; fileRef = 997779972BB8EBBA00271672 /* Accordian Back F A#4.wav */; };
		99777A312BB8EBBA00271672 /* Accordian Back F A3.wav in Resources */ = {isa = PBXBuildFile; fileRef = 997779982BB8EBBA00271672 /* Accordian Back F A3.wav */; };
		99777A322BB8EBBA00271672 /* Accordian Back F A4.wav in Resources */ = {isa = PBXBuildFile; fileRef = 997779992BB8EBBA00271672 /* Accordian Back F A4.wav */; };
		99777A332BB8EBBA00271672 /* Accordian Back F B3.wav in Resources */ = {isa = PBXBuildFile; fileRef = 9977799A2BB8EBBA00271672 /* Accordian Back F B3.wav */; };
		99777A342BB8EBBA00271672 /* Accordian Back F B4.wav in Resources */ = {isa = PBXBuildFile; fileRef = 9977799B2BB8EBBA00271672 /* Accordian Back F B4.wav */; };
		99777A352BB8EBBA00271672 /* Accordian Back F C#3.wav in Resources */ = {isa = PBXBuildFile; fileRef = 9977799C2BB8EBBA00271672 /* Accordian Back F C#3.wav */; };
		99777A362BB8EBBA00271672 /* Accordian Back F C#4.wav in Resources */ = {isa = PBXBuildFile; fileRef = 9977799D2BB8EBBA00271672 /* Accordian Back F C#4.wav */; };
		99777A372BB8EBBA00271672 /* Accordian Back F C3.wav in Resources */ = {isa = PBXBuildFile; fileRef = 9977799E2BB8EBBA00271672 /* Accordian Back F C3.wav */; };
		99777A382BB8EBBA00271672 /* Accordian Back F C4.wav in Resources */ = {isa = PBXBuildFile; fileRef = 9977799F2BB8EBBA00271672 /* Accordian Back F C4.wav */; };
		99777A392BB8EBBA00271672 /* Accordian Back F C5.wav in Resources */ = {isa = PBXBuildFile; fileRef = 997779A02BB8EBBA00271672 /* Accordian Back F C5.wav */; };
		99777A3A2BB8EBBA00271672 /* Accordian Back F D#3.wav in Resources */ = {isa = PBXBuildFile; fileRef = 997779A12BB8EBBA00271672 /* Accordian Back F D#3.wav */; };
		99777A3B2BB8EBBA00271672 /* Accordian Back F D#4.wav in Resources */ = {isa = PBXBuildFile; fileRef = 997779A22BB8EBBA00271672 /* Accordian Back F D#4.wav */; };
		99777A3C2BB8EBBA00271672 /* Accordian Back F D3.wav in Resources */ = {isa = PBXBuildFile; fileRef = 997779A32BB8EBBA00271672 /* Accordian Back F D3.wav */; };
		99777A3D2BB8EBBA00271672 /* Accordian Back F D4.wav in Resources */ = {isa = PBXBuildFile; fileRef = 997779A42BB8EBBA00271672 /* Accordian Back F D4.wav */; };
		99777A3E2BB8EBBA00271672 /* Accordian Back F E3.wav in Resources */ = {isa = PBXBuildFile; fileRef = 997779A52BB8EBBA00271672 /* Accordian Back F E3.wav */; };
		99777A3F2BB8EBBA00271672 /* Accordian Back F E4.wav in Resources */ = {isa = PBXBuildFile; fileRef = 997779A62BB8EBBA00271672 /* Accordian Back F E4.wav */; };
		99777A402BB8EBBA00271672 /* Accordian Back F F#3.wav in Resources */ = {isa = PBXBuildFile; fileRef = 997779A72BB8EBBA00271672 /* Accordian Back F F#3.wav */; };
		99777A412BB8EBBA00271672 /* Accordian Back F F#4.wav in Resources */ = {isa = PBXBuildFile; fileRef = 997779A82BB8EBBA00271672 /* Accordian Back F F#4.wav */; };
		99777A422BB8EBBA00271672 /* Accordian Back F F3.wav in Resources */ = {isa = PBXBuildFile; fileRef = 997779A92BB8EBBA00271672 /* Accordian Back F F3.wav */; };
		99777A432BB8EBBA00271672 /* Accordian Back F F4.wav in Resources */ = {isa = PBXBuildFile; fileRef = 997779AA2BB8EBBA00271672 /* Accordian Back F F4.wav */; };
		99777A442BB8EBBA00271672 /* Accordian Back F G#3.wav in Resources */ = {isa = PBXBuildFile; fileRef = 997779AB2BB8EBBA00271672 /* Accordian Back F G#3.wav */; };
		99777A452BB8EBBA00271672 /* Accordian Back F G#4.wav in Resources */ = {isa = PBXBuildFile; fileRef = 997779AC2BB8EBBA00271672 /* Accordian Back F G#4.wav */; };
		99777A462BB8EBBA00271672 /* Accordian Back F G3.wav in Resources */ = {isa = PBXBuildFile; fileRef = 997779AD2BB8EBBA00271672 /* Accordian Back F G3.wav */; };
		99777A472BB8EBBA00271672 /* Accordian Back F G4.wav in Resources */ = {isa = PBXBuildFile; fileRef = 997779AE2BB8EBBA00271672 /* Accordian Back F G4.wav */; };
		99777A482BB8EBBA00271672 /* Accordian Back P A#3.wav in Resources */ = {isa = PBXBuildFile; fileRef = 997779AF2BB8EBBA00271672 /* Accordian Back P A#3.wav */; };
		99777A492BB8EBBA00271672 /* Accordian Back P A#4.wav in Resources */ = {isa = PBXBuildFile; fileRef = 997779B02BB8EBBA00271672 /* Accordian Back P A#4.wav */; };
		99777A4A2BB8EBBA00271672 /* Accordian Back P A3.wav in Resources */ = {isa = PBXBuildFile; fileRef = 997779B12BB8EBBA00271672 /* Accordian Back P A3.wav */; };
		99777A4B2BB8EBBA00271672 /* Accordian Back P A4.wav in Resources */ = {isa = PBXBuildFile; fileRef = 997779B22BB8EBBA00271672 /* Accordian Back P A4.wav */; };
		99777A4C2BB8EBBA00271672 /* Accordian Back P B3.wav in Resources */ = {isa = PBXBuildFile; fileRef = 997779B32BB8EBBA00271672 /* Accordian Back P B3.wav */; };
		99777A4D2BB8EBBA00271672 /* Accordian Back P B4.wav in Resources */ = {isa = PBXBuildFile; fileRef = 997779B42BB8EBBA00271672 /* Accordian Back P B4.wav */; };
		99777A4E2BB8EBBA00271672 /* Accordian Back P C#3.wav in Resources */ = {isa = PBXBuildFile; fileRef = 997779B52BB8EBBA00271672 /* Accordian Back P C#3.wav */; };
		99777A4F2BB8EBBA00271672 /* Accordian Back P C#4.wav in Resources */ = {isa = PBXBuildFile; fileRef = 997779B62BB8EBBA00271672 /* Accordian Back P C#4.wav */; };
		99777A502BB8EBBA00271672 /* Accordian Back P C3.wav in Resources */ = {isa = PBXBuildFile; fileRef = 997779B72BB8EBBA00271672 /* Accordian Back P C3.wav */; };
		99777A512BB8EBBA00271672 /* Accordian Back P C4.wav in Resources */ = {isa = PBXBuildFile; fileRef = 997779B82BB8EBBA00271672 /* Accordian Back P C4.wav */; };
		99777A522BB8EBBA00271672 /* Accordian Back P C5.wav in Resources */ = {isa = PBXBuildFile; fileRef = 997779B92BB8EBBA00271672 /* Accordian Back P C5.wav */; };
		99777A532BB8EBBA00271672 /* Accordian Back P D#3.wav in Resources */ = {isa = PBXBuildFile; fileRef = 997779BA2BB8EBBA00271672 /* Accordian Back P D#3.wav */; };
		99777A542BB8EBBA00271672 /* Accordian Back P D#4.wav in Resources */ = {isa = PBXBuildFile; fileRef = 997779BB2BB8EBBA00271672 /* Accordian Back P D#4.wav */; };
		99777A552BB8EBBA00271672 /* Accordian Back P D3.wav in Resources */ = {isa = PBXBuildFile; fileRef = 997779BC2BB8EBBA00271672 /* Accordian Back P D3.wav */; };
		99777A562BB8EBBA00271672 /* Accordian Back P D4.wav in Resources */ = {isa = PBXBuildFile; fileRef = 997779BD2BB8EBBA00271672 /* Accordian Back P D4.wav */; };
		99777A572BB8EBBA00271672 /* Accordian Back P E3.wav in Resources */ = {isa = PBXBuildFile; fileRef = 997779BE2BB8EBBA00271672 /* Accordian Back P E3.wav */; };
		99777A582BB8EBBA00271672 /* Accordian Back P E4.wav in Resources */ = {isa = PBXBuildFile; fileRef = 997779BF2BB8EBBA00271672 /* Accordian Back P E4.wav */; };
		99777A592BB8EBBA00271672 /* Accordian Back P F#3.wav in Resources */ = {isa = PBXBuildFile; fileRef = 997779C02BB8EBBA00271672 /* Accordian Back P F#3.wav */; };
		99777A5A2BB8EBBA00271672 /* Accordian Back P F#4.wav in Resources */ = {isa = PBXBuildFile; fileRef = 997779C12BB8EBBA00271672 /* Accordian Back P F#4.wav */; };
		99777A5B2BB8EBBA00271672 /* Accordian Back P F3.wav in Resources */ = {isa = PBXBuildFile; fileRef = 997779C22BB8EBBA00271672 /* Accordian Back P F3.wav */; };
		99777A5C2BB8EBBA00271672 /* Accordian Back P F4.wav in Resources */ = {isa = PBXBuildFile; fileRef = 997779C32BB8EBBA00271672 /* Accordian Back P F4.wav */; };
		99777A5D2BB8EBBA00271672 /* Accordian Back P G#3.wav in Resources */ = {isa = PBXBuildFile; fileRef = 997779C42BB8EBBA00271672 /* Accordian Back P G#3.wav */; };
		99777A5E2BB8EBBA00271672 /* Accordian Back P G#4.wav in Resources */ = {isa = PBXBuildFile; fileRef = 997779C52BB8EBBA00271672 /* Accordian Back P G#4.wav */; };
		99777A5F2BB8EBBA00271672 /* Accordian Back P G3.wav in Resources */ = {isa = PBXBuildFile; fileRef = 997779C62BB8EBBA00271672 /* Accordian Back P G3.wav */; };
		99777A602BB8EBBA00271672 /* Accordian Back P G4.wav in Resources */ = {isa = PBXBuildFile; fileRef = 997779C72BB8EBBA00271672 /* Accordian Back P G4.wav */; };
		99777A612BB8EBBA00271672 /* Accordian Back RT A#3.wav in Resources */ = {isa = PBXBuildFile; fileRef = 997779C82BB8EBBA00271672 /* Accordian Back RT A#3.wav */; };
		99777A622BB8EBBA00271672 /* Accordian Back RT A#4.wav in Resources */ = {isa = PBXBuildFile; fileRef = 997779C92BB8EBBA00271672 /* Accordian Back RT A#4.wav */; };
		99777A632BB8EBBA00271672 /* Accordian Back RT A3.wav in Resources */ = {isa = PBXBuildFile; fileRef = 997779CA2BB8EBBA00271672 /* Accordian Back RT A3.wav */; };
		99777A642BB8EBBA00271672 /* Accordian Back RT A4.wav in Resources */ = {isa = PBXBuildFile; fileRef = 997779CB2BB8EBBA00271672 /* Accordian Back RT A4.wav */; };
		99777A652BB8EBBA00271672 /* Accordian Back RT B3.wav in Resources */ = {isa = PBXBuildFile; fileRef = 997779CC2BB8EBBA00271672 /* Accordian Back RT B3.wav */; };
		99777A662BB8EBBA00271672 /* Accordian Back RT B4.wav in Resources */ = {isa = PBXBuildFile; fileRef = 997779CD2BB8EBBA00271672 /* Accordian Back RT B4.wav */; };
		99777A672BB8EBBA00271672 /* Accordian Back RT C#3.wav in Resources */ = {isa = PBXBuildFile; fileRef = 997779CE2BB8EBBA00271672 /* Accordian Back RT C#3.wav */; };
		99777A682BB8EBBA00271672 /* Accordian Back RT C#4.wav in Resources */ = {isa = PBXBuildFile; fileRef = 997779CF2BB8EBBA00271672 /* Accordian Back RT C#4.wav */; };
		99777A692BB8EBBA00271672 /* Accordian Back RT C3.wav in Resources */ = {isa = PBXBuildFile; fileRef = 997779D02BB8EBBA00271672 /* Accordian Back RT C3.wav */; };
		99777A6A2BB8EBBA00271672 /* Accordian Back RT C4.wav in Resources */ = {isa = PBXBuildFile; fileRef = 997779D12BB8EBBA00271672 /* Accordian Back RT C4.wav */; };
		99777A6B2BB8EBBA00271672 /* Accordian Back RT C5.wav in Resources */ = {isa = PBXBuildFile; fileRef = 997779D22BB8EBBA00271672 /* Accordian Back RT C5.wav */; };
		99777A6C2BB8EBBA00271672 /* Accordian Back RT D#3.wav in Resources */ = {isa = PBXBuildFile; fileRef = 997779D32BB8EBBA00271672 /* Accordian Back RT D#3.wav */; };
		99777A6D2BB8EBBA00271672 /* Accordian Back RT D#4.wav in Resources */ = {isa = PBXBuildFile; fileRef = 997779D42BB8EBBA00271672 /* Accordian Back RT D#4.wav */; };
		99777A6E2BB8EBBA00271672 /* Accordian Back RT D3.wav in Resources */ = {isa = PBXBuildFile; fileRef = 997779D52BB8EBBA00271672 /* Accordian Back RT D3.wav */; };
		99777A6F2BB8EBBA00271672 /* Accordian Back RT D4.wav in Resources */ = {isa = PBXBuildFile; fileRef = 997779D62BB8EBBA00271672 /* Accordian Back RT D4.wav */; };
		99777A702BB8EBBA00271672 /* Accordian Back RT E3.wav in Resources */ = {isa = PBXBuildFile; fileRef = 997779D72BB8EBBA00271672 /* Accordian Back RT E3.wav */; };
		99777A712BB8EBBA00271672 /* Accordian Back RT E4.wav in Resources */ = {isa = PBXBuildFile; fileRef = 997779D82BB8EBBA00271672 /* Accordian Back RT E4.wav */; };
		99777A722BB8EBBA00271672 /* Accordian Back RT F#3.wav in Resources */ = {isa = PBXBuildFile; fileRef = 997779D92BB8EBBA00271672 /* Accordian Back RT F#3.wav */; };
		99777A732BB8EBBA00271672 /* Accordian Back RT F#4.wav in Resources */ = {isa = PBXBuildFile; fileRef = 997779DA2BB8EBBA00271672 /* Accordian Back RT F#4.wav */; };
		99777A742BB8EBBA00271672 /* Accordian Back RT F3.wav in Resources */ = {isa = PBXBuildFile; fileRef = 997779DB2BB8EBBA00271672 /* Accordian Back RT F3.wav */; };
		99777A752BB8EBBA00271672 /* Accordian Back RT F4.wav in Resources */ = {isa = PBXBuildFile; fileRef = 997779DC2BB8EBBA00271672 /* Accordian Back RT F4.wav */; };
		99777A762BB8EBBA00271672 /* Accordian Back RT G#3.wav in Resources */ = {isa = PBXBuildFile; fileRef = 997779DD2BB8EBBA00271672 /* Accordian Back RT G#3.wav */; };
		99777A772BB8EBBA00271672 /* Accordian Back RT G#4.wav in Resources */ = {isa = PBXBuildFile; fileRef = 997779DE2BB8EBBA00271672 /* Accordian Back RT G#4.wav */; };
		99777A782BB8EBBA00271672 /* Accordian Back RT G3 2.wav in Resources */ = {isa = PBXBuildFile; fileRef = 997779DF2BB8EBBA00271672 /* Accordian Back RT G3 2.wav */; };
		99777A792BB8EBBA00271672 /* Accordian Back RT G3.wav in Resources */ = {isa = PBXBuildFile; fileRef = 997779E02BB8EBBA00271672 /* Accordian Back RT G3.wav */; };
		99777A7A2BB8EBBA00271672 /* Accordian Back RT G4.wav in Resources */ = {isa = PBXBuildFile; fileRef = 997779E12BB8EBBA00271672 /* Accordian Back RT G4.wav */; };
		99777A7B2BB8EBBA00271672 /* Accordian Front F A#3.wav in Resources */ = {isa = PBXBuildFile; fileRef = 997779E22BB8EBBA00271672 /* Accordian Front F A#3.wav */; };
		99777A7C2BB8EBBA00271672 /* Accordian Front F A#4.wav in Resources */ = {isa = PBXBuildFile; fileRef = 997779E32BB8EBBA00271672 /* Accordian Front F A#4.wav */; };
		99777A7D2BB8EBBA00271672 /* Accordian Front F A3.wav in Resources */ = {isa = PBXBuildFile; fileRef = 997779E42BB8EBBA00271672 /* Accordian Front F A3.wav */; };
		99777A7E2BB8EBBA00271672 /* Accordian Front F A4.wav in Resources */ = {isa = PBXBuildFile; fileRef = 997779E52BB8EBBA00271672 /* Accordian Front F A4.wav */; };
		99777A7F2BB8EBBA00271672 /* Accordian Front F B3.wav in Resources */ = {isa = PBXBuildFile; fileRef = 997779E62BB8EBBA00271672 /* Accordian Front F B3.wav */; };
		99777A802BB8EBBA00271672 /* Accordian Front F B4.wav in Resources */ = {isa = PBXBuildFile; fileRef = 997779E72BB8EBBA00271672 /* Accordian Front F B4.wav */; };
		99777A812BB8EBBA00271672 /* Accordian Front F C#3.wav in Resources */ = {isa = PBXBuildFile; fileRef = 997779E82BB8EBBA00271672 /* Accordian Front F C#3.wav */; };
		99777A822BB8EBBA00271672 /* Accordian Front F C#4.wav in Resources */ = {isa = PBXBuildFile; fileRef = 997779E92BB8EBBA00271672 /* Accordian Front F C#4.wav */; };
		99777A832BB8EBBA00271672 /* Accordian Front F C3.wav in Resources */ = {isa = PBXBuildFile; fileRef = 997779EA2BB8EBBA00271672 /* Accordian Front F C3.wav */; };
		99777A842BB8EBBA00271672 /* Accordian Front F C4.wav in Resources */ = {isa = PBXBuildFile; fileRef = 997779EB2BB8EBBA00271672 /* Accordian Front F C4.wav */; };
		99777A852BB8EBBA00271672 /* Accordian Front F C5.wav in Resources */ = {isa = PBXBuildFile; fileRef = 997779EC2BB8EBBA00271672 /* Accordian Front F C5.wav */; };
		99777A862BB8EBBA00271672 /* Accordian Front F D#3.wav in Resources */ = {isa = PBXBuildFile; fileRef = 997779ED2BB8EBBA00271672 /* Accordian Front F D#3.wav */; };
		99777A872BB8EBBA00271672 /* Accordian Front F D#4.wav in Resources */ = {isa = PBXBuildFile; fileRef = 997779EE2BB8EBBA00271672 /* Accordian Front F D#4.wav */; };
		99777A882BB8EBBA00271672 /* Accordian Front F D3.wav in Resources */ = {isa = PBXBuildFile; fileRef = 997779EF2BB8EBBA00271672 /* Accordian Front F D3.wav */; };
		99777A892BB8EBBA00271672 /* Accordian Front F D4.wav in Resources */ = {isa = PBXBuildFile; fileRef = 997779F02BB8EBBA00271672 /* Accordian Front F D4.wav */; };
		99777A8A2BB8EBBA00271672 /* Accordian Front F E3.wav in Resources */ = {isa = PBXBuildFile; fileRef = 997779F12BB8EBBA00271672 /* Accordian Front F E3.wav */; };
		99777A8B2BB8EBBA00271672 /* Accordian Front F E4.wav in Resources */ = {isa = PBXBuildFile; fileRef = 997779F22BB8EBBA00271672 /* Accordian Front F E4.wav */; };
		99777A8C2BB8EBBA00271672 /* Accordian Front F F#3.wav in Resources */ = {isa = PBXBuildFile; fileRef = 997779F32BB8EBBA00271672 /* Accordian Front F F#3.wav */; };
		99777A8D2BB8EBBA00271672 /* Accordian Front F F#4.wav in Resources */ = {isa = PBXBuildFile; fileRef = 997779F42BB8EBBA00271672 /* Accordian Front F F#4.wav */; };
		99777A8E2BB8EBBA00271672 /* Accordian Front F F3.wav in Resources */ = {isa = PBXBuildFile; fileRef = 997779F52BB8EBBA00271672 /* Accordian Front F F3.wav */; };
		99777A8F2BB8EBBA00271672 /* Accordian Front F F4.wav in Resources */ = {isa = PBXBuildFile; fileRef = 997779F62BB8EBBA00271672 /* Accordian Front F F4.wav */; };
		99777A902BB8EBBA00271672 /* Accordian Front F G#3.wav in Resources */ = {isa = PBXBuildFile; fileRef = 997779F72BB8EBBA00271672 /* Accordian Front F G#3.wav */; };
		99777A912BB8EBBA00271672 /* Accordian Front F G#4.wav in Resources */ = {isa = PBXBuildFile; fileRef = 997779F82BB8EBBA00271672 /* Accordian Front F G#4.wav */; };
		99777A922BB8EBBA00271672 /* Accordian Front F G3.wav in Resources */ = {isa = PBXBuildFile; fileRef = 997779F92BB8EBBA00271672 /* Accordian Front F G3.wav */; };
		99777A932BB8EBBA00271672 /* Accordian Front F G4.wav in Resources */ = {isa = PBXBuildFile; fileRef = 997779FA2BB8EBBA00271672 /* Accordian Front F G4.wav */; };
		99777A942BB8EBBA00271672 /* Accordian Front P A#3.wav in Resources */ = {isa = PBXBuildFile; fileRef = 997779FB2BB8EBBA00271672 /* Accordian Front P A#3.wav */; };
		99777A952BB8EBBA00271672 /* Accordian Front P A#4.wav in Resources */ = {isa = PBXBuildFile; fileRef = 997779FC2BB8EBBA00271672 /* Accordian Front P A#4.wav */; };
		99777A962BB8EBBA00271672 /* Accordian Front P A3.wav in Resources */ = {isa = PBXBuildFile; fileRef = 997779FD2BB8EBBA00271672 /* Accordian Front P A3.wav */; };
		99777A972BB8EBBA00271672 /* Accordian Front P A4.wav in Resources */ = {isa = PBXBuildFile; fileRef = 997779FE2BB8EBBA00271672 /* Accordian Front P A4.wav */; };
		99777A982BB8EBBA00271672 /* Accordian Front P B3.wav in Resources */ = {isa = PBXBuildFile; fileRef = 997779FF2BB8EBBA00271672 /* Accordian Front P B3.wav */; };
		99777A992BB8EBBA00271672 /* Accordian Front P B4.wav in Resources */ = {isa = PBXBuildFile; fileRef = 99777A002BB8EBBA00271672 /* Accordian Front P B4.wav */; };
		99777A9A2BB8EBBA00271672 /* Accordian Front P C#3.wav in Resources */ = {isa = PBXBuildFile; fileRef = 99777A012BB8EBBA00271672 /* Accordian Front P C#3.wav */; };
		99777A9B2BB8EBBA00271672 /* Accordian Front P C#4.wav in Resources */ = {isa = PBXBuildFile; fileRef = 99777A022BB8EBBA00271672 /* Accordian Front P C#4.wav */; };
		99777A9C2BB8EBBA00271672 /* Accordian Front P C3.wav in Resources */ = {isa = PBXBuildFile; fileRef = 99777A032BB8EBBA00271672 /* Accordian Front P C3.wav */; };
		99777A9D2BB8EBBA00271672 /* Accordian Front P C4.wav in Resources */ = {isa = PBXBuildFile; fileRef = 99777A042BB8EBBA00271672 /* Accordian Front P C4.wav */; };
		99777A9E2BB8EBBA00271672 /* Accordian Front P C5.wav in Resources */ = {isa = PBXBuildFile; fileRef = 99777A052BB8EBBA00271672 /* Accordian Front P C5.wav */; };
		99777A9F2BB8EBBA00271672 /* Accordian Front P D#3.wav in Resources */ = {isa = PBXBuildFile; fileRef = 99777A062BB8EBBA00271672 /* Accordian Front P D#3.wav */; };
		99777AA02BB8EBBA00271672 /* Accordian Front P D#4.wav in Resources */ = {isa = PBXBuildFile; fileRef = 99777A072BB8EBBA00271672 /* Accordian Front P D#4.wav */; };
		99777AA12BB8EBBA00271672 /* Accordian Front P D3.wav in Resources */ = {isa = PBXBuildFile; fileRef = 99777A082BB8EBBA00271672 /* Accordian Front P D3.wav */; };
		99777AA22BB8EBBA00271672 /* Accordian Front P D4.wav in Resources */ = {isa = PBXBuildFile; fileRef = 99777A092BB8EBBA00271672 /* Accordian Front P D4.wav */; };
		99777AA32BB8EBBA00271672 /* Accordian Front P E3.wav in Resources */ = {isa = PBXBuildFile; fileRef = 99777A0A2BB8EBBA00271672 /* Accordian Front P E3.wav */; };
		99777AA42BB8EBBA00271672 /* Accordian Front P E4.wav in Resources */ = {isa = PBXBuildFile; fileRef = 99777A0B2BB8EBBA00271672 /* Accordian Front P E4.wav */; };
		99777AA52BB8EBBA00271672 /* Accordian Front P F#3.wav in Resources */ = {isa = PBXBuildFile; fileRef = 99777A0C2BB8EBBA00271672 /* Accordian Front P F#3.wav */; };
		99777AA62BB8EBBA00271672 /* Accordian Front P F#4.wav in Resources */ = {isa = PBXBuildFile; fileRef = 99777A0D2BB8EBBA00271672 /* Accordian Front P F#4.wav */; };
		99777AA72BB8EBBA00271672 /* Accordian Front P F3.wav in Resources */ = {isa = PBXBuildFile; fileRef = 99777A0E2BB8EBBA00271672 /* Accordian Front P F3.wav */; };
		99777AA82BB8EBBA00271672 /* Accordian Front P F4.wav in Resources */ = {isa = PBXBuildFile; fileRef = 99777A0F2BB8EBBA00271672 /* Accordian Front P F4.wav */; };
		99777AA92BB8EBBA00271672 /* Accordian Front P G#3.wav in Resources */ = {isa = PBXBuildFile; fileRef = 99777A102BB8EBBA00271672 /* Accordian Front P G#3.wav */; };
		99777AAA2BB8EBBA00271672 /* Accordian Front P G#4.wav in Resources */ = {isa = PBXBuildFile; fileRef = 99777A112BB8EBBA00271672 /* Accordian Front P G#4.wav */; };
		99777AAB2BB8EBBA00271672 /* Accordian Front P G3.wav in Resources */ = {isa = PBXBuildFile; fileRef = 99777A122BB8EBBA00271672 /* Accordian Front P G3.wav */; };
		99777AAC2BB8EBBA00271672 /* Accordian Front P G4.wav in Resources */ = {isa = PBXBuildFile; fileRef = 99777A132BB8EBBA00271672 /* Accordian Front P G4.wav */; };
		99777AAD2BB8EBBA00271672 /* Accordian Front RT A#3.wav in Resources */ = {isa = PBXBuildFile; fileRef = 99777A142BB8EBBA00271672 /* Accordian Front RT A#3.wav */; };
		99777AAE2BB8EBBA00271672 /* Accordian Front RT A#4.wav in Resources */ = {isa = PBXBuildFile; fileRef = 99777A152BB8EBBA00271672 /* Accordian Front RT A#4.wav */; };
		99777AAF2BB8EBBA00271672 /* Accordian Front RT A3.wav in Resources */ = {isa = PBXBuildFile; fileRef = 99777A162BB8EBBA00271672 /* Accordian Front RT A3.wav */; };
		99777AB02BB8EBBA00271672 /* Accordian Front RT A4.wav in Resources */ = {isa = PBXBuildFile; fileRef = 99777A172BB8EBBA00271672 /* Accordian Front RT A4.wav */; };
		99777AB12BB8EBBA00271672 /* Accordian Front RT B3.wav in Resources */ = {isa = PBXBuildFile; fileRef = 99777A182BB8EBBA00271672 /* Accordian Front RT B3.wav */; };
		99777AB22BB8EBBA00271672 /* Accordian Front RT B4.wav in Resources */ = {isa = PBXBuildFile; fileRef = 99777A192BB8EBBA00271672 /* Accordian Front RT B4.wav */; };
		99777AB32BB8EBBA00271672 /* Accordian Front RT C#3.wav in Resources */ = {isa = PBXBuildFile; fileRef = 99777A1A2BB8EBBA00271672 /* Accordian Front RT C#3.wav */; };
		99777AB42BB8EBBA00271672 /* Accordian Front RT C#4.wav in Resources */ = {isa = PBXBuildFile; fileRef = 99777A1B2BB8EBBA00271672 /* Accordian Front RT C#4.wav */; };
		99777AB52BB8EBBA00271672 /* Accordian Front RT C3.wav in Resources */ = {isa = PBXBuildFile; fileRef = 99777A1C2BB8EBBA00271672 /* Accordian Front RT C3.wav */; };
		99777AB62BB8EBBA00271672 /* Accordian Front RT C4.wav in Resources */ = {isa = PBXBuildFile; fileRef = 99777A1D2BB8EBBA00271672 /* Accordian Front RT C4.wav */; };
		99777AB72BB8EBBA00271672 /* Accordian Front RT C5.wav in Resources */ = {isa = PBXBuildFile; fileRef = 99777A1E2BB8EBBA00271672 /* Accordian Front RT C5.wav */; };
		99777AB82BB8EBBA00271672 /* Accordian Front RT D#3.wav in Resources */ = {isa = PBXBuildFile; fileRef = 99777A1F2BB8EBBA00271672 /* Accordian Front RT D#3.wav */; };
		99777AB92BB8EBBA00271672 /* Accordian Front RT D#4.wav in Resources */ = {isa = PBXBuildFile; fileRef = 99777A202BB8EBBA00271672 /* Accordian Front RT D#4.wav */; };
		99777ABA2BB8EBBA00271672 /* Accordian Front RT D3.wav in Resources */ = {isa = PBXBuildFile; fileRef = 99777A212BB8EBBA00271672 /* Accordian Front RT D3.wav */; };
		99777ABB2BB8EBBA00271672 /* Accordian Front RT D4.wav in Resources */ = {isa = PBXBuildFile; fileRef = 99777A222BB8EBBA00271672 /* Accordian Front RT D4.wav */; };
		99777ABC2BB8EBBA00271672 /* Accordian Front RT E3.wav in Resources */ = {isa = PBXBuildFile; fileRef = 99777A232BB8EBBA00271672 /* Accordian Front RT E3.wav */; };
		99777ABD2BB8EBBA00271672 /* Accordian Front RT E4.wav in Resources */ = {isa = PBXBuildFile; fileRef = 99777A242BB8EBBA00271672 /* Accordian Front RT E4.wav */; };
		99777ABE2BB8EBBA00271672 /* Accordian Front RT F#3.wav in Resources */ = {isa = PBXBuildFile; fileRef = 99777A252BB8EBBA00271672 /* Accordian Front RT F#3.wav */; };
		99777ABF2BB8EBBA00271672 /* Accordian Front RT F#4.wav in Resources */ = {isa = PBXBuildFile; fileRef = 99777A262BB8EBBA00271672 /* Accordian Front RT F#4.wav */; };
		99777AC02BB8EBBA00271672 /* Accordian Front RT F3.wav in Resources */ = {isa = PBXBuildFile; fileRef = 99777A272BB8EBBA00271672 /* Accordian Front RT F3.wav */; };
		99777AC12BB8EBBA00271672 /* Accordian Front RT F4.wav in Resources */ = {isa = PBXBuildFile; fileRef = 99777A282BB8EBBA00271672 /* Accordian Front RT F4.wav */; };
		99777AC22BB8EBBA00271672 /* Accordian Front RT G#3.wav in Resources */ = {isa = PBXBuildFile; fileRef = 99777A292BB8EBBA00271672 /* Accordian Front RT G#3.wav */; };
		99777AC32BB8EBBA00271672 /* Accordian Front RT G#4.wav in Resources */ = {isa = PBXBuildFile; fileRef = 99777A2A2BB8EBBA00271672 /* Accordian Front RT G#4.wav */; };
		99777AC42BB8EBBA00271672 /* Accordian Front RT G3 2.wav in Resources */ = {isa = PBXBuildFile; fileRef = 99777A2B2BB8EBBA00271672 /* Accordian Front RT G3 2.wav */; };
		99777AC52BB8EBBA00271672 /* Accordian Front RT G3.wav in Resources */ = {isa = PBXBuildFile; fileRef = 99777A2C2BB8EBBA00271672 /* Accordian Front RT G3.wav */; };
		99777AC62BB8EBBA00271672 /* Accordian Front RT G4.wav in Resources */ = {isa = PBXBuildFile; fileRef = 99777A2D2BB8EBBA00271672 /* Accordian Front RT G4.wav */; };
		99777ACB2BB8EDC300271672 /* DunneAudioKit in Frameworks */ = {isa = PBXBuildFile; productRef = 99777ACA2BB8EDC300271672 /* DunneAudioKit */; };
		998EB0BD2BB7E76D00B836EA /* RealityKitContent in Frameworks */ = {isa = PBXBuildFile; productRef = 998EB0BC2BB7E76D00B836EA /* RealityKitContent */; };
		998EB0BF2BB7E76D00B836EA /* ConcertinaApp.swift in Sources */ = {isa = PBXBuildFile; fileRef = 998EB0BE2BB7E76D00B836EA /* ConcertinaApp.swift */; };
		998EB0C12BB7E76D00B836EA /* ContentView.swift in Sources */ = {isa = PBXBuildFile; fileRef = 998EB0C02BB7E76D00B836EA /* ContentView.swift */; };
		998EB0C32BB7E76D00B836EA /* ImmersiveView.swift in Sources */ = {isa = PBXBuildFile; fileRef = 998EB0C22BB7E76D00B836EA /* ImmersiveView.swift */; };
		998EB0C52BB7E76D00B836EA /* ImageBasedLighting.skybox in Resources */ = {isa = PBXBuildFile; fileRef = 998EB0C42BB7E76D00B836EA /* ImageBasedLighting.skybox */; };
		998EB0C72BB7E76E00B836EA /* Assets.xcassets in Resources */ = {isa = PBXBuildFile; fileRef = 998EB0C62BB7E76E00B836EA /* Assets.xcassets */; };
		998EB0CA2BB7E76E00B836EA /* Preview Assets.xcassets in Resources */ = {isa = PBXBuildFile; fileRef = 998EB0C92BB7E76E00B836EA /* Preview Assets.xcassets */; };
		998EB0D52BB7E76F00B836EA /* ConcertinaTests.swift in Sources */ = {isa = PBXBuildFile; fileRef = 998EB0D42BB7E76F00B836EA /* ConcertinaTests.swift */; };
		998EB0E02BB7E96900B836EA /* AudioKit in Frameworks */ = {isa = PBXBuildFile; productRef = 998EB0DF2BB7E96900B836EA /* AudioKit */; };
		998EB0E22BB7EB8800B836EA /* ConcertinaSynth.swift in Sources */ = {isa = PBXBuildFile; fileRef = 998EB0E12BB7EB8800B836EA /* ConcertinaSynth.swift */; };
		998EB0E62BB7ECF500B836EA /* SoundpipeAudioKit in Frameworks */ = {isa = PBXBuildFile; productRef = 998EB0E52BB7ECF500B836EA /* SoundpipeAudioKit */; };
		998EB0E92BB7ED2F00B836EA /* Tonic in Frameworks */ = {isa = PBXBuildFile; productRef = 998EB0E82BB7ED2F00B836EA /* Tonic */; };
		998EB0EB2BB8808700B836EA /* HandTrackingView.swift in Sources */ = {isa = PBXBuildFile; fileRef = 998EB0EA2BB8808700B836EA /* HandTrackingView.swift */; };
/* End PBXBuildFile section */

/* Begin PBXContainerItemProxy section */
		998EB0D12BB7E76F00B836EA /* PBXContainerItemProxy */ = {
			isa = PBXContainerItemProxy;
			containerPortal = 998EB0AF2BB7E76D00B836EA /* Project object */;
			proxyType = 1;
			remoteGlobalIDString = 998EB0B62BB7E76D00B836EA;
			remoteInfo = Concertina;
		};
/* End PBXContainerItemProxy section */

/* Begin PBXFileReference section */
		997779962BB8EBBA00271672 /* Accordian Back F A#3.wav */ = {isa = PBXFileReference; lastKnownFileType = audio.wav; path = "Accordian Back F A#3.wav"; sourceTree = "<group>"; };
		997779972BB8EBBA00271672 /* Accordian Back F A#4.wav */ = {isa = PBXFileReference; lastKnownFileType = audio.wav; path = "Accordian Back F A#4.wav"; sourceTree = "<group>"; };
		997779982BB8EBBA00271672 /* Accordian Back F A3.wav */ = {isa = PBXFileReference; lastKnownFileType = audio.wav; path = "Accordian Back F A3.wav"; sourceTree = "<group>"; };
		997779992BB8EBBA00271672 /* Accordian Back F A4.wav */ = {isa = PBXFileReference; lastKnownFileType = audio.wav; path = "Accordian Back F A4.wav"; sourceTree = "<group>"; };
		9977799A2BB8EBBA00271672 /* Accordian Back F B3.wav */ = {isa = PBXFileReference; lastKnownFileType = audio.wav; path = "Accordian Back F B3.wav"; sourceTree = "<group>"; };
		9977799B2BB8EBBA00271672 /* Accordian Back F B4.wav */ = {isa = PBXFileReference; lastKnownFileType = audio.wav; path = "Accordian Back F B4.wav"; sourceTree = "<group>"; };
		9977799C2BB8EBBA00271672 /* Accordian Back F C#3.wav */ = {isa = PBXFileReference; lastKnownFileType = audio.wav; path = "Accordian Back F C#3.wav"; sourceTree = "<group>"; };
		9977799D2BB8EBBA00271672 /* Accordian Back F C#4.wav */ = {isa = PBXFileReference; lastKnownFileType = audio.wav; path = "Accordian Back F C#4.wav"; sourceTree = "<group>"; };
		9977799E2BB8EBBA00271672 /* Accordian Back F C3.wav */ = {isa = PBXFileReference; lastKnownFileType = audio.wav; path = "Accordian Back F C3.wav"; sourceTree = "<group>"; };
		9977799F2BB8EBBA00271672 /* Accordian Back F C4.wav */ = {isa = PBXFileReference; lastKnownFileType = audio.wav; path = "Accordian Back F C4.wav"; sourceTree = "<group>"; };
		997779A02BB8EBBA00271672 /* Accordian Back F C5.wav */ = {isa = PBXFileReference; lastKnownFileType = audio.wav; path = "Accordian Back F C5.wav"; sourceTree = "<group>"; };
		997779A12BB8EBBA00271672 /* Accordian Back F D#3.wav */ = {isa = PBXFileReference; lastKnownFileType = audio.wav; path = "Accordian Back F D#3.wav"; sourceTree = "<group>"; };
		997779A22BB8EBBA00271672 /* Accordian Back F D#4.wav */ = {isa = PBXFileReference; lastKnownFileType = audio.wav; path = "Accordian Back F D#4.wav"; sourceTree = "<group>"; };
		997779A32BB8EBBA00271672 /* Accordian Back F D3.wav */ = {isa = PBXFileReference; lastKnownFileType = audio.wav; path = "Accordian Back F D3.wav"; sourceTree = "<group>"; };
		997779A42BB8EBBA00271672 /* Accordian Back F D4.wav */ = {isa = PBXFileReference; lastKnownFileType = audio.wav; path = "Accordian Back F D4.wav"; sourceTree = "<group>"; };
		997779A52BB8EBBA00271672 /* Accordian Back F E3.wav */ = {isa = PBXFileReference; lastKnownFileType = audio.wav; path = "Accordian Back F E3.wav"; sourceTree = "<group>"; };
		997779A62BB8EBBA00271672 /* Accordian Back F E4.wav */ = {isa = PBXFileReference; lastKnownFileType = audio.wav; path = "Accordian Back F E4.wav"; sourceTree = "<group>"; };
		997779A72BB8EBBA00271672 /* Accordian Back F F#3.wav */ = {isa = PBXFileReference; lastKnownFileType = audio.wav; path = "Accordian Back F F#3.wav"; sourceTree = "<group>"; };
		997779A82BB8EBBA00271672 /* Accordian Back F F#4.wav */ = {isa = PBXFileReference; lastKnownFileType = audio.wav; path = "Accordian Back F F#4.wav"; sourceTree = "<group>"; };
		997779A92BB8EBBA00271672 /* Accordian Back F F3.wav */ = {isa = PBXFileReference; lastKnownFileType = audio.wav; path = "Accordian Back F F3.wav"; sourceTree = "<group>"; };
		997779AA2BB8EBBA00271672 /* Accordian Back F F4.wav */ = {isa = PBXFileReference; lastKnownFileType = audio.wav; path = "Accordian Back F F4.wav"; sourceTree = "<group>"; };
		997779AB2BB8EBBA00271672 /* Accordian Back F G#3.wav */ = {isa = PBXFileReference; lastKnownFileType = audio.wav; path = "Accordian Back F G#3.wav"; sourceTree = "<group>"; };
		997779AC2BB8EBBA00271672 /* Accordian Back F G#4.wav */ = {isa = PBXFileReference; lastKnownFileType = audio.wav; path = "Accordian Back F G#4.wav"; sourceTree = "<group>"; };
		997779AD2BB8EBBA00271672 /* Accordian Back F G3.wav */ = {isa = PBXFileReference; lastKnownFileType = audio.wav; path = "Accordian Back F G3.wav"; sourceTree = "<group>"; };
		997779AE2BB8EBBA00271672 /* Accordian Back F G4.wav */ = {isa = PBXFileReference; lastKnownFileType = audio.wav; path = "Accordian Back F G4.wav"; sourceTree = "<group>"; };
		997779AF2BB8EBBA00271672 /* Accordian Back P A#3.wav */ = {isa = PBXFileReference; lastKnownFileType = audio.wav; path = "Accordian Back P A#3.wav"; sourceTree = "<group>"; };
		997779B02BB8EBBA00271672 /* Accordian Back P A#4.wav */ = {isa = PBXFileReference; lastKnownFileType = audio.wav; path = "Accordian Back P A#4.wav"; sourceTree = "<group>"; };
		997779B12BB8EBBA00271672 /* Accordian Back P A3.wav */ = {isa = PBXFileReference; lastKnownFileType = audio.wav; path = "Accordian Back P A3.wav"; sourceTree = "<group>"; };
		997779B22BB8EBBA00271672 /* Accordian Back P A4.wav */ = {isa = PBXFileReference; lastKnownFileType = audio.wav; path = "Accordian Back P A4.wav"; sourceTree = "<group>"; };
		997779B32BB8EBBA00271672 /* Accordian Back P B3.wav */ = {isa = PBXFileReference; lastKnownFileType = audio.wav; path = "Accordian Back P B3.wav"; sourceTree = "<group>"; };
		997779B42BB8EBBA00271672 /* Accordian Back P B4.wav */ = {isa = PBXFileReference; lastKnownFileType = audio.wav; path = "Accordian Back P B4.wav"; sourceTree = "<group>"; };
		997779B52BB8EBBA00271672 /* Accordian Back P C#3.wav */ = {isa = PBXFileReference; lastKnownFileType = audio.wav; path = "Accordian Back P C#3.wav"; sourceTree = "<group>"; };
		997779B62BB8EBBA00271672 /* Accordian Back P C#4.wav */ = {isa = PBXFileReference; lastKnownFileType = audio.wav; path = "Accordian Back P C#4.wav"; sourceTree = "<group>"; };
		997779B72BB8EBBA00271672 /* Accordian Back P C3.wav */ = {isa = PBXFileReference; lastKnownFileType = audio.wav; path = "Accordian Back P C3.wav"; sourceTree = "<group>"; };
		997779B82BB8EBBA00271672 /* Accordian Back P C4.wav */ = {isa = PBXFileReference; lastKnownFileType = audio.wav; path = "Accordian Back P C4.wav"; sourceTree = "<group>"; };
		997779B92BB8EBBA00271672 /* Accordian Back P C5.wav */ = {isa = PBXFileReference; lastKnownFileType = audio.wav; path = "Accordian Back P C5.wav"; sourceTree = "<group>"; };
		997779BA2BB8EBBA00271672 /* Accordian Back P D#3.wav */ = {isa = PBXFileReference; lastKnownFileType = audio.wav; path = "Accordian Back P D#3.wav"; sourceTree = "<group>"; };
		997779BB2BB8EBBA00271672 /* Accordian Back P D#4.wav */ = {isa = PBXFileReference; lastKnownFileType = audio.wav; path = "Accordian Back P D#4.wav"; sourceTree = "<group>"; };
		997779BC2BB8EBBA00271672 /* Accordian Back P D3.wav */ = {isa = PBXFileReference; lastKnownFileType = audio.wav; path = "Accordian Back P D3.wav"; sourceTree = "<group>"; };
		997779BD2BB8EBBA00271672 /* Accordian Back P D4.wav */ = {isa = PBXFileReference; lastKnownFileType = audio.wav; path = "Accordian Back P D4.wav"; sourceTree = "<group>"; };
		997779BE2BB8EBBA00271672 /* Accordian Back P E3.wav */ = {isa = PBXFileReference; lastKnownFileType = audio.wav; path = "Accordian Back P E3.wav"; sourceTree = "<group>"; };
		997779BF2BB8EBBA00271672 /* Accordian Back P E4.wav */ = {isa = PBXFileReference; lastKnownFileType = audio.wav; path = "Accordian Back P E4.wav"; sourceTree = "<group>"; };
		997779C02BB8EBBA00271672 /* Accordian Back P F#3.wav */ = {isa = PBXFileReference; lastKnownFileType = audio.wav; path = "Accordian Back P F#3.wav"; sourceTree = "<group>"; };
		997779C12BB8EBBA00271672 /* Accordian Back P F#4.wav */ = {isa = PBXFileReference; lastKnownFileType = audio.wav; path = "Accordian Back P F#4.wav"; sourceTree = "<group>"; };
		997779C22BB8EBBA00271672 /* Accordian Back P F3.wav */ = {isa = PBXFileReference; lastKnownFileType = audio.wav; path = "Accordian Back P F3.wav"; sourceTree = "<group>"; };
		997779C32BB8EBBA00271672 /* Accordian Back P F4.wav */ = {isa = PBXFileReference; lastKnownFileType = audio.wav; path = "Accordian Back P F4.wav"; sourceTree = "<group>"; };
		997779C42BB8EBBA00271672 /* Accordian Back P G#3.wav */ = {isa = PBXFileReference; lastKnownFileType = audio.wav; path = "Accordian Back P G#3.wav"; sourceTree = "<group>"; };
		997779C52BB8EBBA00271672 /* Accordian Back P G#4.wav */ = {isa = PBXFileReference; lastKnownFileType = audio.wav; path = "Accordian Back P G#4.wav"; sourceTree = "<group>"; };
		997779C62BB8EBBA00271672 /* Accordian Back P G3.wav */ = {isa = PBXFileReference; lastKnownFileType = audio.wav; path = "Accordian Back P G3.wav"; sourceTree = "<group>"; };
		997779C72BB8EBBA00271672 /* Accordian Back P G4.wav */ = {isa = PBXFileReference; lastKnownFileType = audio.wav; path = "Accordian Back P G4.wav"; sourceTree = "<group>"; };
		997779C82BB8EBBA00271672 /* Accordian Back RT A#3.wav */ = {isa = PBXFileReference; lastKnownFileType = audio.wav; path = "Accordian Back RT A#3.wav"; sourceTree = "<group>"; };
		997779C92BB8EBBA00271672 /* Accordian Back RT A#4.wav */ = {isa = PBXFileReference; lastKnownFileType = audio.wav; path = "Accordian Back RT A#4.wav"; sourceTree = "<group>"; };
		997779CA2BB8EBBA00271672 /* Accordian Back RT A3.wav */ = {isa = PBXFileReference; lastKnownFileType = audio.wav; path = "Accordian Back RT A3.wav"; sourceTree = "<group>"; };
		997779CB2BB8EBBA00271672 /* Accordian Back RT A4.wav */ = {isa = PBXFileReference; lastKnownFileType = audio.wav; path = "Accordian Back RT A4.wav"; sourceTree = "<group>"; };
		997779CC2BB8EBBA00271672 /* Accordian Back RT B3.wav */ = {isa = PBXFileReference; lastKnownFileType = audio.wav; path = "Accordian Back RT B3.wav"; sourceTree = "<group>"; };
		997779CD2BB8EBBA00271672 /* Accordian Back RT B4.wav */ = {isa = PBXFileReference; lastKnownFileType = audio.wav; path = "Accordian Back RT B4.wav"; sourceTree = "<group>"; };
		997779CE2BB8EBBA00271672 /* Accordian Back RT C#3.wav */ = {isa = PBXFileReference; lastKnownFileType = audio.wav; path = "Accordian Back RT C#3.wav"; sourceTree = "<group>"; };
		997779CF2BB8EBBA00271672 /* Accordian Back RT C#4.wav */ = {isa = PBXFileReference; lastKnownFileType = audio.wav; path = "Accordian Back RT C#4.wav"; sourceTree = "<group>"; };
		997779D02BB8EBBA00271672 /* Accordian Back RT C3.wav */ = {isa = PBXFileReference; lastKnownFileType = audio.wav; path = "Accordian Back RT C3.wav"; sourceTree = "<group>"; };
		997779D12BB8EBBA00271672 /* Accordian Back RT C4.wav */ = {isa = PBXFileReference; lastKnownFileType = audio.wav; path = "Accordian Back RT C4.wav"; sourceTree = "<group>"; };
		997779D22BB8EBBA00271672 /* Accordian Back RT C5.wav */ = {isa = PBXFileReference; lastKnownFileType = audio.wav; path = "Accordian Back RT C5.wav"; sourceTree = "<group>"; };
		997779D32BB8EBBA00271672 /* Accordian Back RT D#3.wav */ = {isa = PBXFileReference; lastKnownFileType = audio.wav; path = "Accordian Back RT D#3.wav"; sourceTree = "<group>"; };
		997779D42BB8EBBA00271672 /* Accordian Back RT D#4.wav */ = {isa = PBXFileReference; lastKnownFileType = audio.wav; path = "Accordian Back RT D#4.wav"; sourceTree = "<group>"; };
		997779D52BB8EBBA00271672 /* Accordian Back RT D3.wav */ = {isa = PBXFileReference; lastKnownFileType = audio.wav; path = "Accordian Back RT D3.wav"; sourceTree = "<group>"; };
		997779D62BB8EBBA00271672 /* Accordian Back RT D4.wav */ = {isa = PBXFileReference; lastKnownFileType = audio.wav; path = "Accordian Back RT D4.wav"; sourceTree = "<group>"; };
		997779D72BB8EBBA00271672 /* Accordian Back RT E3.wav */ = {isa = PBXFileReference; lastKnownFileType = audio.wav; path = "Accordian Back RT E3.wav"; sourceTree = "<group>"; };
		997779D82BB8EBBA00271672 /* Accordian Back RT E4.wav */ = {isa = PBXFileReference; lastKnownFileType = audio.wav; path = "Accordian Back RT E4.wav"; sourceTree = "<group>"; };
		997779D92BB8EBBA00271672 /* Accordian Back RT F#3.wav */ = {isa = PBXFileReference; lastKnownFileType = audio.wav; path = "Accordian Back RT F#3.wav"; sourceTree = "<group>"; };
		997779DA2BB8EBBA00271672 /* Accordian Back RT F#4.wav */ = {isa = PBXFileReference; lastKnownFileType = audio.wav; path = "Accordian Back RT F#4.wav"; sourceTree = "<group>"; };
		997779DB2BB8EBBA00271672 /* Accordian Back RT F3.wav */ = {isa = PBXFileReference; lastKnownFileType = audio.wav; path = "Accordian Back RT F3.wav"; sourceTree = "<group>"; };
		997779DC2BB8EBBA00271672 /* Accordian Back RT F4.wav */ = {isa = PBXFileReference; lastKnownFileType = audio.wav; path = "Accordian Back RT F4.wav"; sourceTree = "<group>"; };
		997779DD2BB8EBBA00271672 /* Accordian Back RT G#3.wav */ = {isa = PBXFileReference; lastKnownFileType = audio.wav; path = "Accordian Back RT G#3.wav"; sourceTree = "<group>"; };
		997779DE2BB8EBBA00271672 /* Accordian Back RT G#4.wav */ = {isa = PBXFileReference; lastKnownFileType = audio.wav; path = "Accordian Back RT G#4.wav"; sourceTree = "<group>"; };
		997779DF2BB8EBBA00271672 /* Accordian Back RT G3 2.wav */ = {isa = PBXFileReference; lastKnownFileType = audio.wav; path = "Accordian Back RT G3 2.wav"; sourceTree = "<group>"; };
		997779E02BB8EBBA00271672 /* Accordian Back RT G3.wav */ = {isa = PBXFileReference; lastKnownFileType = audio.wav; path = "Accordian Back RT G3.wav"; sourceTree = "<group>"; };
		997779E12BB8EBBA00271672 /* Accordian Back RT G4.wav */ = {isa = PBXFileReference; lastKnownFileType = audio.wav; path = "Accordian Back RT G4.wav"; sourceTree = "<group>"; };
		997779E22BB8EBBA00271672 /* Accordian Front F A#3.wav */ = {isa = PBXFileReference; lastKnownFileType = audio.wav; path = "Accordian Front F A#3.wav"; sourceTree = "<group>"; };
		997779E32BB8EBBA00271672 /* Accordian Front F A#4.wav */ = {isa = PBXFileReference; lastKnownFileType = audio.wav; path = "Accordian Front F A#4.wav"; sourceTree = "<group>"; };
		997779E42BB8EBBA00271672 /* Accordian Front F A3.wav */ = {isa = PBXFileReference; lastKnownFileType = audio.wav; path = "Accordian Front F A3.wav"; sourceTree = "<group>"; };
		997779E52BB8EBBA00271672 /* Accordian Front F A4.wav */ = {isa = PBXFileReference; lastKnownFileType = audio.wav; path = "Accordian Front F A4.wav"; sourceTree = "<group>"; };
		997779E62BB8EBBA00271672 /* Accordian Front F B3.wav */ = {isa = PBXFileReference; lastKnownFileType = audio.wav; path = "Accordian Front F B3.wav"; sourceTree = "<group>"; };
		997779E72BB8EBBA00271672 /* Accordian Front F B4.wav */ = {isa = PBXFileReference; lastKnownFileType = audio.wav; path = "Accordian Front F B4.wav"; sourceTree = "<group>"; };
		997779E82BB8EBBA00271672 /* Accordian Front F C#3.wav */ = {isa = PBXFileReference; lastKnownFileType = audio.wav; path = "Accordian Front F C#3.wav"; sourceTree = "<group>"; };
		997779E92BB8EBBA00271672 /* Accordian Front F C#4.wav */ = {isa = PBXFileReference; lastKnownFileType = audio.wav; path = "Accordian Front F C#4.wav"; sourceTree = "<group>"; };
		997779EA2BB8EBBA00271672 /* Accordian Front F C3.wav */ = {isa = PBXFileReference; lastKnownFileType = audio.wav; path = "Accordian Front F C3.wav"; sourceTree = "<group>"; };
		997779EB2BB8EBBA00271672 /* Accordian Front F C4.wav */ = {isa = PBXFileReference; lastKnownFileType = audio.wav; path = "Accordian Front F C4.wav"; sourceTree = "<group>"; };
		997779EC2BB8EBBA00271672 /* Accordian Front F C5.wav */ = {isa = PBXFileReference; lastKnownFileType = audio.wav; path = "Accordian Front F C5.wav"; sourceTree = "<group>"; };
		997779ED2BB8EBBA00271672 /* Accordian Front F D#3.wav */ = {isa = PBXFileReference; lastKnownFileType = audio.wav; path = "Accordian Front F D#3.wav"; sourceTree = "<group>"; };
		997779EE2BB8EBBA00271672 /* Accordian Front F D#4.wav */ = {isa = PBXFileReference; lastKnownFileType = audio.wav; path = "Accordian Front F D#4.wav"; sourceTree = "<group>"; };
		997779EF2BB8EBBA00271672 /* Accordian Front F D3.wav */ = {isa = PBXFileReference; lastKnownFileType = audio.wav; path = "Accordian Front F D3.wav"; sourceTree = "<group>"; };
		997779F02BB8EBBA00271672 /* Accordian Front F D4.wav */ = {isa = PBXFileReference; lastKnownFileType = audio.wav; path = "Accordian Front F D4.wav"; sourceTree = "<group>"; };
		997779F12BB8EBBA00271672 /* Accordian Front F E3.wav */ = {isa = PBXFileReference; lastKnownFileType = audio.wav; path = "Accordian Front F E3.wav"; sourceTree = "<group>"; };
		997779F22BB8EBBA00271672 /* Accordian Front F E4.wav */ = {isa = PBXFileReference; lastKnownFileType = audio.wav; path = "Accordian Front F E4.wav"; sourceTree = "<group>"; };
		997779F32BB8EBBA00271672 /* Accordian Front F F#3.wav */ = {isa = PBXFileReference; lastKnownFileType = audio.wav; path = "Accordian Front F F#3.wav"; sourceTree = "<group>"; };
		997779F42BB8EBBA00271672 /* Accordian Front F F#4.wav */ = {isa = PBXFileReference; lastKnownFileType = audio.wav; path = "Accordian Front F F#4.wav"; sourceTree = "<group>"; };
		997779F52BB8EBBA00271672 /* Accordian Front F F3.wav */ = {isa = PBXFileReference; lastKnownFileType = audio.wav; path = "Accordian Front F F3.wav"; sourceTree = "<group>"; };
		997779F62BB8EBBA00271672 /* Accordian Front F F4.wav */ = {isa = PBXFileReference; lastKnownFileType = audio.wav; path = "Accordian Front F F4.wav"; sourceTree = "<group>"; };
		997779F72BB8EBBA00271672 /* Accordian Front F G#3.wav */ = {isa = PBXFileReference; lastKnownFileType = audio.wav; path = "Accordian Front F G#3.wav"; sourceTree = "<group>"; };
		997779F82BB8EBBA00271672 /* Accordian Front F G#4.wav */ = {isa = PBXFileReference; lastKnownFileType = audio.wav; path = "Accordian Front F G#4.wav"; sourceTree = "<group>"; };
		997779F92BB8EBBA00271672 /* Accordian Front F G3.wav */ = {isa = PBXFileReference; lastKnownFileType = audio.wav; path = "Accordian Front F G3.wav"; sourceTree = "<group>"; };
		997779FA2BB8EBBA00271672 /* Accordian Front F G4.wav */ = {isa = PBXFileReference; lastKnownFileType = audio.wav; path = "Accordian Front F G4.wav"; sourceTree = "<group>"; };
		997779FB2BB8EBBA00271672 /* Accordian Front P A#3.wav */ = {isa = PBXFileReference; lastKnownFileType = audio.wav; path = "Accordian Front P A#3.wav"; sourceTree = "<group>"; };
		997779FC2BB8EBBA00271672 /* Accordian Front P A#4.wav */ = {isa = PBXFileReference; lastKnownFileType = audio.wav; path = "Accordian Front P A#4.wav"; sourceTree = "<group>"; };
		997779FD2BB8EBBA00271672 /* Accordian Front P A3.wav */ = {isa = PBXFileReference; lastKnownFileType = audio.wav; path = "Accordian Front P A3.wav"; sourceTree = "<group>"; };
		997779FE2BB8EBBA00271672 /* Accordian Front P A4.wav */ = {isa = PBXFileReference; lastKnownFileType = audio.wav; path = "Accordian Front P A4.wav"; sourceTree = "<group>"; };
		997779FF2BB8EBBA00271672 /* Accordian Front P B3.wav */ = {isa = PBXFileReference; lastKnownFileType = audio.wav; path = "Accordian Front P B3.wav"; sourceTree = "<group>"; };
		99777A002BB8EBBA00271672 /* Accordian Front P B4.wav */ = {isa = PBXFileReference; lastKnownFileType = audio.wav; path = "Accordian Front P B4.wav"; sourceTree = "<group>"; };
		99777A012BB8EBBA00271672 /* Accordian Front P C#3.wav */ = {isa = PBXFileReference; lastKnownFileType = audio.wav; path = "Accordian Front P C#3.wav"; sourceTree = "<group>"; };
		99777A022BB8EBBA00271672 /* Accordian Front P C#4.wav */ = {isa = PBXFileReference; lastKnownFileType = audio.wav; path = "Accordian Front P C#4.wav"; sourceTree = "<group>"; };
		99777A032BB8EBBA00271672 /* Accordian Front P C3.wav */ = {isa = PBXFileReference; lastKnownFileType = audio.wav; path = "Accordian Front P C3.wav"; sourceTree = "<group>"; };
		99777A042BB8EBBA00271672 /* Accordian Front P C4.wav */ = {isa = PBXFileReference; lastKnownFileType = audio.wav; path = "Accordian Front P C4.wav"; sourceTree = "<group>"; };
		99777A052BB8EBBA00271672 /* Accordian Front P C5.wav */ = {isa = PBXFileReference; lastKnownFileType = audio.wav; path = "Accordian Front P C5.wav"; sourceTree = "<group>"; };
		99777A062BB8EBBA00271672 /* Accordian Front P D#3.wav */ = {isa = PBXFileReference; lastKnownFileType = audio.wav; path = "Accordian Front P D#3.wav"; sourceTree = "<group>"; };
		99777A072BB8EBBA00271672 /* Accordian Front P D#4.wav */ = {isa = PBXFileReference; lastKnownFileType = audio.wav; path = "Accordian Front P D#4.wav"; sourceTree = "<group>"; };
		99777A082BB8EBBA00271672 /* Accordian Front P D3.wav */ = {isa = PBXFileReference; lastKnownFileType = audio.wav; path = "Accordian Front P D3.wav"; sourceTree = "<group>"; };
		99777A092BB8EBBA00271672 /* Accordian Front P D4.wav */ = {isa = PBXFileReference; lastKnownFileType = audio.wav; path = "Accordian Front P D4.wav"; sourceTree = "<group>"; };
		99777A0A2BB8EBBA00271672 /* Accordian Front P E3.wav */ = {isa = PBXFileReference; lastKnownFileType = audio.wav; path = "Accordian Front P E3.wav"; sourceTree = "<group>"; };
		99777A0B2BB8EBBA00271672 /* Accordian Front P E4.wav */ = {isa = PBXFileReference; lastKnownFileType = audio.wav; path = "Accordian Front P E4.wav"; sourceTree = "<group>"; };
		99777A0C2BB8EBBA00271672 /* Accordian Front P F#3.wav */ = {isa = PBXFileReference; lastKnownFileType = audio.wav; path = "Accordian Front P F#3.wav"; sourceTree = "<group>"; };
		99777A0D2BB8EBBA00271672 /* Accordian Front P F#4.wav */ = {isa = PBXFileReference; lastKnownFileType = audio.wav; path = "Accordian Front P F#4.wav"; sourceTree = "<group>"; };
		99777A0E2BB8EBBA00271672 /* Accordian Front P F3.wav */ = {isa = PBXFileReference; lastKnownFileType = audio.wav; path = "Accordian Front P F3.wav"; sourceTree = "<group>"; };
		99777A0F2BB8EBBA00271672 /* Accordian Front P F4.wav */ = {isa = PBXFileReference; lastKnownFileType = audio.wav; path = "Accordian Front P F4.wav"; sourceTree = "<group>"; };
		99777A102BB8EBBA00271672 /* Accordian Front P G#3.wav */ = {isa = PBXFileReference; lastKnownFileType = audio.wav; path = "Accordian Front P G#3.wav"; sourceTree = "<group>"; };
		99777A112BB8EBBA00271672 /* Accordian Front P G#4.wav */ = {isa = PBXFileReference; lastKnownFileType = audio.wav; path = "Accordian Front P G#4.wav"; sourceTree = "<group>"; };
		99777A122BB8EBBA00271672 /* Accordian Front P G3.wav */ = {isa = PBXFileReference; lastKnownFileType = audio.wav; path = "Accordian Front P G3.wav"; sourceTree = "<group>"; };
		99777A132BB8EBBA00271672 /* Accordian Front P G4.wav */ = {isa = PBXFileReference; lastKnownFileType = audio.wav; path = "Accordian Front P G4.wav"; sourceTree = "<group>"; };
		99777A142BB8EBBA00271672 /* Accordian Front RT A#3.wav */ = {isa = PBXFileReference; lastKnownFileType = audio.wav; path = "Accordian Front RT A#3.wav"; sourceTree = "<group>"; };
		99777A152BB8EBBA00271672 /* Accordian Front RT A#4.wav */ = {isa = PBXFileReference; lastKnownFileType = audio.wav; path = "Accordian Front RT A#4.wav"; sourceTree = "<group>"; };
		99777A162BB8EBBA00271672 /* Accordian Front RT A3.wav */ = {isa = PBXFileReference; lastKnownFileType = audio.wav; path = "Accordian Front RT A3.wav"; sourceTree = "<group>"; };
		99777A172BB8EBBA00271672 /* Accordian Front RT A4.wav */ = {isa = PBXFileReference; lastKnownFileType = audio.wav; path = "Accordian Front RT A4.wav"; sourceTree = "<group>"; };
		99777A182BB8EBBA00271672 /* Accordian Front RT B3.wav */ = {isa = PBXFileReference; lastKnownFileType = audio.wav; path = "Accordian Front RT B3.wav"; sourceTree = "<group>"; };
		99777A192BB8EBBA00271672 /* Accordian Front RT B4.wav */ = {isa = PBXFileReference; lastKnownFileType = audio.wav; path = "Accordian Front RT B4.wav"; sourceTree = "<group>"; };
		99777A1A2BB8EBBA00271672 /* Accordian Front RT C#3.wav */ = {isa = PBXFileReference; lastKnownFileType = audio.wav; path = "Accordian Front RT C#3.wav"; sourceTree = "<group>"; };
		99777A1B2BB8EBBA00271672 /* Accordian Front RT C#4.wav */ = {isa = PBXFileReference; lastKnownFileType = audio.wav; path = "Accordian Front RT C#4.wav"; sourceTree = "<group>"; };
		99777A1C2BB8EBBA00271672 /* Accordian Front RT C3.wav */ = {isa = PBXFileReference; lastKnownFileType = audio.wav; path = "Accordian Front RT C3.wav"; sourceTree = "<group>"; };
		99777A1D2BB8EBBA00271672 /* Accordian Front RT C4.wav */ = {isa = PBXFileReference; lastKnownFileType = audio.wav; path = "Accordian Front RT C4.wav"; sourceTree = "<group>"; };
		99777A1E2BB8EBBA00271672 /* Accordian Front RT C5.wav */ = {isa = PBXFileReference; lastKnownFileType = audio.wav; path = "Accordian Front RT C5.wav"; sourceTree = "<group>"; };
		99777A1F2BB8EBBA00271672 /* Accordian Front RT D#3.wav */ = {isa = PBXFileReference; lastKnownFileType = audio.wav; path = "Accordian Front RT D#3.wav"; sourceTree = "<group>"; };
		99777A202BB8EBBA00271672 /* Accordian Front RT D#4.wav */ = {isa = PBXFileReference; lastKnownFileType = audio.wav; path = "Accordian Front RT D#4.wav"; sourceTree = "<group>"; };
		99777A212BB8EBBA00271672 /* Accordian Front RT D3.wav */ = {isa = PBXFileReference; lastKnownFileType = audio.wav; path = "Accordian Front RT D3.wav"; sourceTree = "<group>"; };
		99777A222BB8EBBA00271672 /* Accordian Front RT D4.wav */ = {isa = PBXFileReference; lastKnownFileType = audio.wav; path = "Accordian Front RT D4.wav"; sourceTree = "<group>"; };
		99777A232BB8EBBA00271672 /* Accordian Front RT E3.wav */ = {isa = PBXFileReference; lastKnownFileType = audio.wav; path = "Accordian Front RT E3.wav"; sourceTree = "<group>"; };
		99777A242BB8EBBA00271672 /* Accordian Front RT E4.wav */ = {isa = PBXFileReference; lastKnownFileType = audio.wav; path = "Accordian Front RT E4.wav"; sourceTree = "<group>"; };
		99777A252BB8EBBA00271672 /* Accordian Front RT F#3.wav */ = {isa = PBXFileReference; lastKnownFileType = audio.wav; path = "Accordian Front RT F#3.wav"; sourceTree = "<group>"; };
		99777A262BB8EBBA00271672 /* Accordian Front RT F#4.wav */ = {isa = PBXFileReference; lastKnownFileType = audio.wav; path = "Accordian Front RT F#4.wav"; sourceTree = "<group>"; };
		99777A272BB8EBBA00271672 /* Accordian Front RT F3.wav */ = {isa = PBXFileReference; lastKnownFileType = audio.wav; path = "Accordian Front RT F3.wav"; sourceTree = "<group>"; };
		99777A282BB8EBBA00271672 /* Accordian Front RT F4.wav */ = {isa = PBXFileReference; lastKnownFileType = audio.wav; path = "Accordian Front RT F4.wav"; sourceTree = "<group>"; };
		99777A292BB8EBBA00271672 /* Accordian Front RT G#3.wav */ = {isa = PBXFileReference; lastKnownFileType = audio.wav; path = "Accordian Front RT G#3.wav"; sourceTree = "<group>"; };
		99777A2A2BB8EBBA00271672 /* Accordian Front RT G#4.wav */ = {isa = PBXFileReference; lastKnownFileType = audio.wav; path = "Accordian Front RT G#4.wav"; sourceTree = "<group>"; };
		99777A2B2BB8EBBA00271672 /* Accordian Front RT G3 2.wav */ = {isa = PBXFileReference; lastKnownFileType = audio.wav; path = "Accordian Front RT G3 2.wav"; sourceTree = "<group>"; };
		99777A2C2BB8EBBA00271672 /* Accordian Front RT G3.wav */ = {isa = PBXFileReference; lastKnownFileType = audio.wav; path = "Accordian Front RT G3.wav"; sourceTree = "<group>"; };
		99777A2D2BB8EBBA00271672 /* Accordian Front RT G4.wav */ = {isa = PBXFileReference; lastKnownFileType = audio.wav; path = "Accordian Front RT G4.wav"; sourceTree = "<group>"; };
		998EB0B72BB7E76D00B836EA /* Concertina.app */ = {isa = PBXFileReference; explicitFileType = wrapper.application; includeInIndex = 0; path = Concertina.app; sourceTree = BUILT_PRODUCTS_DIR; };
		998EB0BB2BB7E76D00B836EA /* RealityKitContent */ = {isa = PBXFileReference; lastKnownFileType = wrapper; path = RealityKitContent; sourceTree = "<group>"; };
		998EB0BE2BB7E76D00B836EA /* ConcertinaApp.swift */ = {isa = PBXFileReference; lastKnownFileType = sourcecode.swift; path = ConcertinaApp.swift; sourceTree = "<group>"; };
		998EB0C02BB7E76D00B836EA /* ContentView.swift */ = {isa = PBXFileReference; lastKnownFileType = sourcecode.swift; path = ContentView.swift; sourceTree = "<group>"; };
		998EB0C22BB7E76D00B836EA /* ImmersiveView.swift */ = {isa = PBXFileReference; lastKnownFileType = sourcecode.swift; path = ImmersiveView.swift; sourceTree = "<group>"; };
		998EB0C42BB7E76D00B836EA /* ImageBasedLighting.skybox */ = {isa = PBXFileReference; lastKnownFileType = file.skybox; path = ImageBasedLighting.skybox; sourceTree = "<group>"; };
		998EB0C62BB7E76E00B836EA /* Assets.xcassets */ = {isa = PBXFileReference; lastKnownFileType = folder.assetcatalog; path = Assets.xcassets; sourceTree = "<group>"; };
		998EB0C92BB7E76E00B836EA /* Preview Assets.xcassets */ = {isa = PBXFileReference; lastKnownFileType = folder.assetcatalog; path = "Preview Assets.xcassets"; sourceTree = "<group>"; };
		998EB0CB2BB7E76E00B836EA /* Info.plist */ = {isa = PBXFileReference; lastKnownFileType = text.plist.xml; path = Info.plist; sourceTree = "<group>"; };
		998EB0D02BB7E76F00B836EA /* ConcertinaTests.xctest */ = {isa = PBXFileReference; explicitFileType = wrapper.cfbundle; includeInIndex = 0; path = ConcertinaTests.xctest; sourceTree = BUILT_PRODUCTS_DIR; };
		998EB0D42BB7E76F00B836EA /* ConcertinaTests.swift */ = {isa = PBXFileReference; lastKnownFileType = sourcecode.swift; path = ConcertinaTests.swift; sourceTree = "<group>"; };
		998EB0E12BB7EB8800B836EA /* ConcertinaSynth.swift */ = {isa = PBXFileReference; lastKnownFileType = sourcecode.swift; path = ConcertinaSynth.swift; sourceTree = "<group>"; };
		998EB0EA2BB8808700B836EA /* HandTrackingView.swift */ = {isa = PBXFileReference; lastKnownFileType = sourcecode.swift; path = HandTrackingView.swift; sourceTree = "<group>"; };
/* End PBXFileReference section */

/* Begin PBXFrameworksBuildPhase section */
		998EB0B42BB7E76D00B836EA /* Frameworks */ = {
			isa = PBXFrameworksBuildPhase;
			buildActionMask = 2147483647;
			files = (
				998EB0E02BB7E96900B836EA /* AudioKit in Frameworks */,
				99777ACB2BB8EDC300271672 /* DunneAudioKit in Frameworks */,
				998EB0BD2BB7E76D00B836EA /* RealityKitContent in Frameworks */,
				998EB0E92BB7ED2F00B836EA /* Tonic in Frameworks */,
				998EB0E62BB7ECF500B836EA /* SoundpipeAudioKit in Frameworks */,
			);
			runOnlyForDeploymentPostprocessing = 0;
		};
		998EB0CD2BB7E76F00B836EA /* Frameworks */ = {
			isa = PBXFrameworksBuildPhase;
			buildActionMask = 2147483647;
			files = (
			);
			runOnlyForDeploymentPostprocessing = 0;
		};
/* End PBXFrameworksBuildPhase section */

/* Begin PBXGroup section */
		99777A2E2BB8EBBA00271672 /* Mum's Accordion Samples */ = {
			isa = PBXGroup;
			children = (
				997779962BB8EBBA00271672 /* Accordian Back F A#3.wav */,
				997779972BB8EBBA00271672 /* Accordian Back F A#4.wav */,
				997779982BB8EBBA00271672 /* Accordian Back F A3.wav */,
				997779992BB8EBBA00271672 /* Accordian Back F A4.wav */,
				9977799A2BB8EBBA00271672 /* Accordian Back F B3.wav */,
				9977799B2BB8EBBA00271672 /* Accordian Back F B4.wav */,
				9977799C2BB8EBBA00271672 /* Accordian Back F C#3.wav */,
				9977799D2BB8EBBA00271672 /* Accordian Back F C#4.wav */,
				9977799E2BB8EBBA00271672 /* Accordian Back F C3.wav */,
				9977799F2BB8EBBA00271672 /* Accordian Back F C4.wav */,
				997779A02BB8EBBA00271672 /* Accordian Back F C5.wav */,
				997779A12BB8EBBA00271672 /* Accordian Back F D#3.wav */,
				997779A22BB8EBBA00271672 /* Accordian Back F D#4.wav */,
				997779A32BB8EBBA00271672 /* Accordian Back F D3.wav */,
				997779A42BB8EBBA00271672 /* Accordian Back F D4.wav */,
				997779A52BB8EBBA00271672 /* Accordian Back F E3.wav */,
				997779A62BB8EBBA00271672 /* Accordian Back F E4.wav */,
				997779A72BB8EBBA00271672 /* Accordian Back F F#3.wav */,
				997779A82BB8EBBA00271672 /* Accordian Back F F#4.wav */,
				997779A92BB8EBBA00271672 /* Accordian Back F F3.wav */,
				997779AA2BB8EBBA00271672 /* Accordian Back F F4.wav */,
				997779AB2BB8EBBA00271672 /* Accordian Back F G#3.wav */,
				997779AC2BB8EBBA00271672 /* Accordian Back F G#4.wav */,
				997779AD2BB8EBBA00271672 /* Accordian Back F G3.wav */,
				997779AE2BB8EBBA00271672 /* Accordian Back F G4.wav */,
				997779AF2BB8EBBA00271672 /* Accordian Back P A#3.wav */,
				997779B02BB8EBBA00271672 /* Accordian Back P A#4.wav */,
				997779B12BB8EBBA00271672 /* Accordian Back P A3.wav */,
				997779B22BB8EBBA00271672 /* Accordian Back P A4.wav */,
				997779B32BB8EBBA00271672 /* Accordian Back P B3.wav */,
				997779B42BB8EBBA00271672 /* Accordian Back P B4.wav */,
				997779B52BB8EBBA00271672 /* Accordian Back P C#3.wav */,
				997779B62BB8EBBA00271672 /* Accordian Back P C#4.wav */,
				997779B72BB8EBBA00271672 /* Accordian Back P C3.wav */,
				997779B82BB8EBBA00271672 /* Accordian Back P C4.wav */,
				997779B92BB8EBBA00271672 /* Accordian Back P C5.wav */,
				997779BA2BB8EBBA00271672 /* Accordian Back P D#3.wav */,
				997779BB2BB8EBBA00271672 /* Accordian Back P D#4.wav */,
				997779BC2BB8EBBA00271672 /* Accordian Back P D3.wav */,
				997779BD2BB8EBBA00271672 /* Accordian Back P D4.wav */,
				997779BE2BB8EBBA00271672 /* Accordian Back P E3.wav */,
				997779BF2BB8EBBA00271672 /* Accordian Back P E4.wav */,
				997779C02BB8EBBA00271672 /* Accordian Back P F#3.wav */,
				997779C12BB8EBBA00271672 /* Accordian Back P F#4.wav */,
				997779C22BB8EBBA00271672 /* Accordian Back P F3.wav */,
				997779C32BB8EBBA00271672 /* Accordian Back P F4.wav */,
				997779C42BB8EBBA00271672 /* Accordian Back P G#3.wav */,
				997779C52BB8EBBA00271672 /* Accordian Back P G#4.wav */,
				997779C62BB8EBBA00271672 /* Accordian Back P G3.wav */,
				997779C72BB8EBBA00271672 /* Accordian Back P G4.wav */,
				997779C82BB8EBBA00271672 /* Accordian Back RT A#3.wav */,
				997779C92BB8EBBA00271672 /* Accordian Back RT A#4.wav */,
				997779CA2BB8EBBA00271672 /* Accordian Back RT A3.wav */,
				997779CB2BB8EBBA00271672 /* Accordian Back RT A4.wav */,
				997779CC2BB8EBBA00271672 /* Accordian Back RT B3.wav */,
				997779CD2BB8EBBA00271672 /* Accordian Back RT B4.wav */,
				997779CE2BB8EBBA00271672 /* Accordian Back RT C#3.wav */,
				997779CF2BB8EBBA00271672 /* Accordian Back RT C#4.wav */,
				997779D02BB8EBBA00271672 /* Accordian Back RT C3.wav */,
				997779D12BB8EBBA00271672 /* Accordian Back RT C4.wav */,
				997779D22BB8EBBA00271672 /* Accordian Back RT C5.wav */,
				997779D32BB8EBBA00271672 /* Accordian Back RT D#3.wav */,
				997779D42BB8EBBA00271672 /* Accordian Back RT D#4.wav */,
				997779D52BB8EBBA00271672 /* Accordian Back RT D3.wav */,
				997779D62BB8EBBA00271672 /* Accordian Back RT D4.wav */,
				997779D72BB8EBBA00271672 /* Accordian Back RT E3.wav */,
				997779D82BB8EBBA00271672 /* Accordian Back RT E4.wav */,
				997779D92BB8EBBA00271672 /* Accordian Back RT F#3.wav */,
				997779DA2BB8EBBA00271672 /* Accordian Back RT F#4.wav */,
				997779DB2BB8EBBA00271672 /* Accordian Back RT F3.wav */,
				997779DC2BB8EBBA00271672 /* Accordian Back RT F4.wav */,
				997779DD2BB8EBBA00271672 /* Accordian Back RT G#3.wav */,
				997779DE2BB8EBBA00271672 /* Accordian Back RT G#4.wav */,
				997779DF2BB8EBBA00271672 /* Accordian Back RT G3 2.wav */,
				997779E02BB8EBBA00271672 /* Accordian Back RT G3.wav */,
				997779E12BB8EBBA00271672 /* Accordian Back RT G4.wav */,
				997779E22BB8EBBA00271672 /* Accordian Front F A#3.wav */,
				997779E32BB8EBBA00271672 /* Accordian Front F A#4.wav */,
				997779E42BB8EBBA00271672 /* Accordian Front F A3.wav */,
				997779E52BB8EBBA00271672 /* Accordian Front F A4.wav */,
				997779E62BB8EBBA00271672 /* Accordian Front F B3.wav */,
				997779E72BB8EBBA00271672 /* Accordian Front F B4.wav */,
				997779E82BB8EBBA00271672 /* Accordian Front F C#3.wav */,
				997779E92BB8EBBA00271672 /* Accordian Front F C#4.wav */,
				997779EA2BB8EBBA00271672 /* Accordian Front F C3.wav */,
				997779EB2BB8EBBA00271672 /* Accordian Front F C4.wav */,
				997779EC2BB8EBBA00271672 /* Accordian Front F C5.wav */,
				997779ED2BB8EBBA00271672 /* Accordian Front F D#3.wav */,
				997779EE2BB8EBBA00271672 /* Accordian Front F D#4.wav */,
				997779EF2BB8EBBA00271672 /* Accordian Front F D3.wav */,
				997779F02BB8EBBA00271672 /* Accordian Front F D4.wav */,
				997779F12BB8EBBA00271672 /* Accordian Front F E3.wav */,
				997779F22BB8EBBA00271672 /* Accordian Front F E4.wav */,
				997779F32BB8EBBA00271672 /* Accordian Front F F#3.wav */,
				997779F42BB8EBBA00271672 /* Accordian Front F F#4.wav */,
				997779F52BB8EBBA00271672 /* Accordian Front F F3.wav */,
				997779F62BB8EBBA00271672 /* Accordian Front F F4.wav */,
				997779F72BB8EBBA00271672 /* Accordian Front F G#3.wav */,
				997779F82BB8EBBA00271672 /* Accordian Front F G#4.wav */,
				997779F92BB8EBBA00271672 /* Accordian Front F G3.wav */,
				997779FA2BB8EBBA00271672 /* Accordian Front F G4.wav */,
				997779FB2BB8EBBA00271672 /* Accordian Front P A#3.wav */,
				997779FC2BB8EBBA00271672 /* Accordian Front P A#4.wav */,
				997779FD2BB8EBBA00271672 /* Accordian Front P A3.wav */,
				997779FE2BB8EBBA00271672 /* Accordian Front P A4.wav */,
				997779FF2BB8EBBA00271672 /* Accordian Front P B3.wav */,
				99777A002BB8EBBA00271672 /* Accordian Front P B4.wav */,
				99777A012BB8EBBA00271672 /* Accordian Front P C#3.wav */,
				99777A022BB8EBBA00271672 /* Accordian Front P C#4.wav */,
				99777A032BB8EBBA00271672 /* Accordian Front P C3.wav */,
				99777A042BB8EBBA00271672 /* Accordian Front P C4.wav */,
				99777A052BB8EBBA00271672 /* Accordian Front P C5.wav */,
				99777A062BB8EBBA00271672 /* Accordian Front P D#3.wav */,
				99777A072BB8EBBA00271672 /* Accordian Front P D#4.wav */,
				99777A082BB8EBBA00271672 /* Accordian Front P D3.wav */,
				99777A092BB8EBBA00271672 /* Accordian Front P D4.wav */,
				99777A0A2BB8EBBA00271672 /* Accordian Front P E3.wav */,
				99777A0B2BB8EBBA00271672 /* Accordian Front P E4.wav */,
				99777A0C2BB8EBBA00271672 /* Accordian Front P F#3.wav */,
				99777A0D2BB8EBBA00271672 /* Accordian Front P F#4.wav */,
				99777A0E2BB8EBBA00271672 /* Accordian Front P F3.wav */,
				99777A0F2BB8EBBA00271672 /* Accordian Front P F4.wav */,
				99777A102BB8EBBA00271672 /* Accordian Front P G#3.wav */,
				99777A112BB8EBBA00271672 /* Accordian Front P G#4.wav */,
				99777A122BB8EBBA00271672 /* Accordian Front P G3.wav */,
				99777A132BB8EBBA00271672 /* Accordian Front P G4.wav */,
				99777A142BB8EBBA00271672 /* Accordian Front RT A#3.wav */,
				99777A152BB8EBBA00271672 /* Accordian Front RT A#4.wav */,
				99777A162BB8EBBA00271672 /* Accordian Front RT A3.wav */,
				99777A172BB8EBBA00271672 /* Accordian Front RT A4.wav */,
				99777A182BB8EBBA00271672 /* Accordian Front RT B3.wav */,
				99777A192BB8EBBA00271672 /* Accordian Front RT B4.wav */,
				99777A1A2BB8EBBA00271672 /* Accordian Front RT C#3.wav */,
				99777A1B2BB8EBBA00271672 /* Accordian Front RT C#4.wav */,
				99777A1C2BB8EBBA00271672 /* Accordian Front RT C3.wav */,
				99777A1D2BB8EBBA00271672 /* Accordian Front RT C4.wav */,
				99777A1E2BB8EBBA00271672 /* Accordian Front RT C5.wav */,
				99777A1F2BB8EBBA00271672 /* Accordian Front RT D#3.wav */,
				99777A202BB8EBBA00271672 /* Accordian Front RT D#4.wav */,
				99777A212BB8EBBA00271672 /* Accordian Front RT D3.wav */,
				99777A222BB8EBBA00271672 /* Accordian Front RT D4.wav */,
				99777A232BB8EBBA00271672 /* Accordian Front RT E3.wav */,
				99777A242BB8EBBA00271672 /* Accordian Front RT E4.wav */,
				99777A252BB8EBBA00271672 /* Accordian Front RT F#3.wav */,
				99777A262BB8EBBA00271672 /* Accordian Front RT F#4.wav */,
				99777A272BB8EBBA00271672 /* Accordian Front RT F3.wav */,
				99777A282BB8EBBA00271672 /* Accordian Front RT F4.wav */,
				99777A292BB8EBBA00271672 /* Accordian Front RT G#3.wav */,
				99777A2A2BB8EBBA00271672 /* Accordian Front RT G#4.wav */,
				99777A2B2BB8EBBA00271672 /* Accordian Front RT G3 2.wav */,
				99777A2C2BB8EBBA00271672 /* Accordian Front RT G3.wav */,
				99777A2D2BB8EBBA00271672 /* Accordian Front RT G4.wav */,
			);
			path = "Mum's Accordion Samples";
			sourceTree = "<group>";
		};
		998EB0AE2BB7E76D00B836EA = {
			isa = PBXGroup;
			children = (
				998EB0B92BB7E76D00B836EA /* Concertina */,
				998EB0BA2BB7E76D00B836EA /* Packages */,
				998EB0D32BB7E76F00B836EA /* ConcertinaTests */,
				998EB0B82BB7E76D00B836EA /* Products */,
				998EB0E42BB7ECF500B836EA /* Frameworks */,
			);
			sourceTree = "<group>";
		};
		998EB0B82BB7E76D00B836EA /* Products */ = {
			isa = PBXGroup;
			children = (
				998EB0B72BB7E76D00B836EA /* Concertina.app */,
				998EB0D02BB7E76F00B836EA /* ConcertinaTests.xctest */,
			);
			name = Products;
			sourceTree = "<group>";
		};
		998EB0B92BB7E76D00B836EA /* Concertina */ = {
			isa = PBXGroup;
			children = (
				99777A2E2BB8EBBA00271672 /* Mum's Accordion Samples */,
				998EB0BE2BB7E76D00B836EA /* ConcertinaApp.swift */,
				998EB0C02BB7E76D00B836EA /* ContentView.swift */,
				998EB0C22BB7E76D00B836EA /* ImmersiveView.swift */,
				998EB0E12BB7EB8800B836EA /* ConcertinaSynth.swift */,
				998EB0C42BB7E76D00B836EA /* ImageBasedLighting.skybox */,
				998EB0C62BB7E76E00B836EA /* Assets.xcassets */,
				998EB0CB2BB7E76E00B836EA /* Info.plist */,
				998EB0C82BB7E76E00B836EA /* Preview Content */,
				998EB0EA2BB8808700B836EA /* HandTrackingView.swift */,
			);
			path = Concertina;
			sourceTree = "<group>";
		};
		998EB0BA2BB7E76D00B836EA /* Packages */ = {
			isa = PBXGroup;
			children = (
				998EB0BB2BB7E76D00B836EA /* RealityKitContent */,
			);
			path = Packages;
			sourceTree = "<group>";
		};
		998EB0C82BB7E76E00B836EA /* Preview Content */ = {
			isa = PBXGroup;
			children = (
				998EB0C92BB7E76E00B836EA /* Preview Assets.xcassets */,
			);
			path = "Preview Content";
			sourceTree = "<group>";
		};
		998EB0D32BB7E76F00B836EA /* ConcertinaTests */ = {
			isa = PBXGroup;
			children = (
				998EB0D42BB7E76F00B836EA /* ConcertinaTests.swift */,
			);
			path = ConcertinaTests;
			sourceTree = "<group>";
		};
		998EB0E42BB7ECF500B836EA /* Frameworks */ = {
			isa = PBXGroup;
			children = (
			);
			name = Frameworks;
			sourceTree = "<group>";
		};
/* End PBXGroup section */

/* Begin PBXNativeTarget section */
		998EB0B62BB7E76D00B836EA /* Concertina */ = {
			isa = PBXNativeTarget;
			buildConfigurationList = 998EB0D82BB7E76F00B836EA /* Build configuration list for PBXNativeTarget "Concertina" */;
			buildPhases = (
				998EB0B32BB7E76D00B836EA /* Sources */,
				998EB0B42BB7E76D00B836EA /* Frameworks */,
				998EB0B52BB7E76D00B836EA /* Resources */,
			);
			buildRules = (
			);
			dependencies = (
			);
			name = Concertina;
			packageProductDependencies = (
				998EB0BC2BB7E76D00B836EA /* RealityKitContent */,
				998EB0DF2BB7E96900B836EA /* AudioKit */,
				998EB0E52BB7ECF500B836EA /* SoundpipeAudioKit */,
				998EB0E82BB7ED2F00B836EA /* Tonic */,
				99777ACA2BB8EDC300271672 /* DunneAudioKit */,
			);
			productName = Concertina;
			productReference = 998EB0B72BB7E76D00B836EA /* Concertina.app */;
			productType = "com.apple.product-type.application";
		};
		998EB0CF2BB7E76F00B836EA /* ConcertinaTests */ = {
			isa = PBXNativeTarget;
			buildConfigurationList = 998EB0DB2BB7E76F00B836EA /* Build configuration list for PBXNativeTarget "ConcertinaTests" */;
			buildPhases = (
				998EB0CC2BB7E76F00B836EA /* Sources */,
				998EB0CD2BB7E76F00B836EA /* Frameworks */,
				998EB0CE2BB7E76F00B836EA /* Resources */,
			);
			buildRules = (
			);
			dependencies = (
				998EB0D22BB7E76F00B836EA /* PBXTargetDependency */,
			);
			name = ConcertinaTests;
			productName = ConcertinaTests;
			productReference = 998EB0D02BB7E76F00B836EA /* ConcertinaTests.xctest */;
			productType = "com.apple.product-type.bundle.unit-test";
		};
/* End PBXNativeTarget section */

/* Begin PBXProject section */
		998EB0AF2BB7E76D00B836EA /* Project object */ = {
			isa = PBXProject;
			attributes = {
				BuildIndependentTargetsInParallel = 1;
				LastSwiftUpdateCheck = 1530;
				LastUpgradeCheck = 1530;
				TargetAttributes = {
					998EB0B62BB7E76D00B836EA = {
						CreatedOnToolsVersion = 15.3;
					};
					998EB0CF2BB7E76F00B836EA = {
						CreatedOnToolsVersion = 15.3;
						TestTargetID = 998EB0B62BB7E76D00B836EA;
					};
				};
			};
			buildConfigurationList = 998EB0B22BB7E76D00B836EA /* Build configuration list for PBXProject "Concertina" */;
			compatibilityVersion = "Xcode 14.0";
			developmentRegion = en;
			hasScannedForEncodings = 0;
			knownRegions = (
				en,
				Base,
			);
			mainGroup = 998EB0AE2BB7E76D00B836EA;
			packageReferences = (
				998EB0DE2BB7E96900B836EA /* XCRemoteSwiftPackageReference "AudioKit" */,
				998EB0E32BB7EC1C00B836EA /* XCRemoteSwiftPackageReference "SoundpipeAudioKit" */,
				998EB0E72BB7ED2F00B836EA /* XCRemoteSwiftPackageReference "Tonic" */,
				99777AC92BB8EDC300271672 /* XCRemoteSwiftPackageReference "DunneAudioKit" */,
			);
			productRefGroup = 998EB0B82BB7E76D00B836EA /* Products */;
			projectDirPath = "";
			projectRoot = "";
			targets = (
				998EB0B62BB7E76D00B836EA /* Concertina */,
				998EB0CF2BB7E76F00B836EA /* ConcertinaTests */,
			);
		};
/* End PBXProject section */

/* Begin PBXResourcesBuildPhase section */
		998EB0B52BB7E76D00B836EA /* Resources */ = {
			isa = PBXResourcesBuildPhase;
			buildActionMask = 2147483647;
			files = (
				99777A8B2BB8EBBA00271672 /* Accordian Front F E4.wav in Resources */,
				99777A3D2BB8EBBA00271672 /* Accordian Back F D4.wav in Resources */,
				99777A522BB8EBBA00271672 /* Accordian Back P C5.wav in Resources */,
				99777A4A2BB8EBBA00271672 /* Accordian Back P A3.wav in Resources */,
				99777A612BB8EBBA00271672 /* Accordian Back RT A#3.wav in Resources */,
				99777A9A2BB8EBBA00271672 /* Accordian Front P C#3.wav in Resources */,
				99777AAC2BB8EBBA00271672 /* Accordian Front P G4.wav in Resources */,
				99777A742BB8EBBA00271672 /* Accordian Back RT F3.wav in Resources */,
				99777A812BB8EBBA00271672 /* Accordian Front F C#3.wav in Resources */,
				99777AA22BB8EBBA00271672 /* Accordian Front P D4.wav in Resources */,
				99777AB32BB8EBBA00271672 /* Accordian Front RT C#3.wav in Resources */,
				99777AB42BB8EBBA00271672 /* Accordian Front RT C#4.wav in Resources */,
				99777A552BB8EBBA00271672 /* Accordian Back P D3.wav in Resources */,
				99777A732BB8EBBA00271672 /* Accordian Back RT F#4.wav in Resources */,
				99777A672BB8EBBA00271672 /* Accordian Back RT C#3.wav in Resources */,
				99777A5A2BB8EBBA00271672 /* Accordian Back P F#4.wav in Resources */,
				99777A6B2BB8EBBA00271672 /* Accordian Back RT C5.wav in Resources */,
				99777A532BB8EBBA00271672 /* Accordian Back P D#3.wav in Resources */,
				99777A6D2BB8EBBA00271672 /* Accordian Back RT D#4.wav in Resources */,
				99777AAA2BB8EBBA00271672 /* Accordian Front P G#4.wav in Resources */,
				99777A5C2BB8EBBA00271672 /* Accordian Back P F4.wav in Resources */,
				99777AC22BB8EBBA00271672 /* Accordian Front RT G#3.wav in Resources */,
				99777AA12BB8EBBA00271672 /* Accordian Front P D3.wav in Resources */,
				99777AC32BB8EBBA00271672 /* Accordian Front RT G#4.wav in Resources */,
				99777AC52BB8EBBA00271672 /* Accordian Front RT G3.wav in Resources */,
				99777A8A2BB8EBBA00271672 /* Accordian Front F E3.wav in Resources */,
				99777A862BB8EBBA00271672 /* Accordian Front F D#3.wav in Resources */,
				99777A372BB8EBBA00271672 /* Accordian Back F C3.wav in Resources */,
				99777A932BB8EBBA00271672 /* Accordian Front F G4.wav in Resources */,
				99777A3A2BB8EBBA00271672 /* Accordian Back F D#3.wav in Resources */,
				99777A6E2BB8EBBA00271672 /* Accordian Back RT D3.wav in Resources */,
				99777AB52BB8EBBA00271672 /* Accordian Front RT C3.wav in Resources */,
				99777A5E2BB8EBBA00271672 /* Accordian Back P G#4.wav in Resources */,
				99777A7D2BB8EBBA00271672 /* Accordian Front F A3.wav in Resources */,
				99777A982BB8EBBA00271672 /* Accordian Front P B3.wav in Resources */,
				99777A482BB8EBBA00271672 /* Accordian Back P A#3.wav in Resources */,
				99777A8E2BB8EBBA00271672 /* Accordian Front F F3.wav in Resources */,
				99777AB92BB8EBBA00271672 /* Accordian Front RT D#4.wav in Resources */,
				99777A762BB8EBBA00271672 /* Accordian Back RT G#3.wav in Resources */,
				99777A352BB8EBBA00271672 /* Accordian Back F C#3.wav in Resources */,
				99777ABD2BB8EBBA00271672 /* Accordian Front RT E4.wav in Resources */,
				99777A4D2BB8EBBA00271672 /* Accordian Back P B4.wav in Resources */,
				99777A442BB8EBBA00271672 /* Accordian Back F G#3.wav in Resources */,
				99777A892BB8EBBA00271672 /* Accordian Front F D4.wav in Resources */,
				99777A682BB8EBBA00271672 /* Accordian Back RT C#4.wav in Resources */,
				99777AA62BB8EBBA00271672 /* Accordian Front P F#4.wav in Resources */,
				99777A7F2BB8EBBA00271672 /* Accordian Front F B3.wav in Resources */,
				99777A872BB8EBBA00271672 /* Accordian Front F D#4.wav in Resources */,
				99777AB62BB8EBBA00271672 /* Accordian Front RT C4.wav in Resources */,
				99777A4C2BB8EBBA00271672 /* Accordian Back P B3.wav in Resources */,
				99777AA92BB8EBBA00271672 /* Accordian Front P G#3.wav in Resources */,
				99777A652BB8EBBA00271672 /* Accordian Back RT B3.wav in Resources */,
				99777A3C2BB8EBBA00271672 /* Accordian Back F D3.wav in Resources */,
				99777A992BB8EBBA00271672 /* Accordian Front P B4.wav in Resources */,
				99777A602BB8EBBA00271672 /* Accordian Back P G4.wav in Resources */,
				99777A662BB8EBBA00271672 /* Accordian Back RT B4.wav in Resources */,
				998EB0C72BB7E76E00B836EA /* Assets.xcassets in Resources */,
				99777ABE2BB8EBBA00271672 /* Accordian Front RT F#3.wav in Resources */,
				99777A622BB8EBBA00271672 /* Accordian Back RT A#4.wav in Resources */,
				99777A7E2BB8EBBA00271672 /* Accordian Front F A4.wav in Resources */,
				99777A9B2BB8EBBA00271672 /* Accordian Front P C#4.wav in Resources */,
				99777A5D2BB8EBBA00271672 /* Accordian Back P G#3.wav in Resources */,
				99777ABA2BB8EBBA00271672 /* Accordian Front RT D3.wav in Resources */,
				99777A7B2BB8EBBA00271672 /* Accordian Front F A#3.wav in Resources */,
				99777A7A2BB8EBBA00271672 /* Accordian Back RT G4.wav in Resources */,
				99777ABF2BB8EBBA00271672 /* Accordian Front RT F#4.wav in Resources */,
				99777A462BB8EBBA00271672 /* Accordian Back F G3.wav in Resources */,
				99777AB22BB8EBBA00271672 /* Accordian Front RT B4.wav in Resources */,
				99777A822BB8EBBA00271672 /* Accordian Front F C#4.wav in Resources */,
				99777AB02BB8EBBA00271672 /* Accordian Front RT A4.wav in Resources */,
				99777ABB2BB8EBBA00271672 /* Accordian Front RT D4.wav in Resources */,
				99777A852BB8EBBA00271672 /* Accordian Front F C5.wav in Resources */,
				99777A4E2BB8EBBA00271672 /* Accordian Back P C#3.wav in Resources */,
				99777AC12BB8EBBA00271672 /* Accordian Front RT F4.wav in Resources */,
				99777A5B2BB8EBBA00271672 /* Accordian Back P F3.wav in Resources */,
				99777AC62BB8EBBA00271672 /* Accordian Front RT G4.wav in Resources */,
				99777A802BB8EBBA00271672 /* Accordian Front F B4.wav in Resources */,
				99777A7C2BB8EBBA00271672 /* Accordian Front F A#4.wav in Resources */,
				99777AA32BB8EBBA00271672 /* Accordian Front P E3.wav in Resources */,
				99777A772BB8EBBA00271672 /* Accordian Back RT G#4.wav in Resources */,
				99777A752BB8EBBA00271672 /* Accordian Back RT F4.wav in Resources */,
				99777A9E2BB8EBBA00271672 /* Accordian Front P C5.wav in Resources */,
				99777A832BB8EBBA00271672 /* Accordian Front F C3.wav in Resources */,
				99777A842BB8EBBA00271672 /* Accordian Front F C4.wav in Resources */,
				99777A9F2BB8EBBA00271672 /* Accordian Front P D#3.wav in Resources */,
				99777A342BB8EBBA00271672 /* Accordian Back F B4.wav in Resources */,
				99777A502BB8EBBA00271672 /* Accordian Back P C3.wav in Resources */,
				99777A912BB8EBBA00271672 /* Accordian Front F G#4.wav in Resources */,
				99777A512BB8EBBA00271672 /* Accordian Back P C4.wav in Resources */,
				99777A472BB8EBBA00271672 /* Accordian Back F G4.wav in Resources */,
				998EB0CA2BB7E76E00B836EA /* Preview Assets.xcassets in Resources */,
				99777A4B2BB8EBBA00271672 /* Accordian Back P A4.wav in Resources */,
				99777A432BB8EBBA00271672 /* Accordian Back F F4.wav in Resources */,
				99777AAB2BB8EBBA00271672 /* Accordian Front P G3.wav in Resources */,
				99777AA52BB8EBBA00271672 /* Accordian Front P F#3.wav in Resources */,
				99777A882BB8EBBA00271672 /* Accordian Front F D3.wav in Resources */,
				99777A322BB8EBBA00271672 /* Accordian Back F A4.wav in Resources */,
				99777A3E2BB8EBBA00271672 /* Accordian Back F E3.wav in Resources */,
				99777A492BB8EBBA00271672 /* Accordian Back P A#4.wav in Resources */,
				99777A332BB8EBBA00271672 /* Accordian Back F B3.wav in Resources */,
				99777AB82BB8EBBA00271672 /* Accordian Front RT D#3.wav in Resources */,
				99777A9D2BB8EBBA00271672 /* Accordian Front P C4.wav in Resources */,
				99777A592BB8EBBA00271672 /* Accordian Back P F#3.wav in Resources */,
				99777A962BB8EBBA00271672 /* Accordian Front P A3.wav in Resources */,
				99777A2F2BB8EBBA00271672 /* Accordian Back F A#3.wav in Resources */,
				99777A382BB8EBBA00271672 /* Accordian Back F C4.wav in Resources */,
				99777A562BB8EBBA00271672 /* Accordian Back P D4.wav in Resources */,
				99777A792BB8EBBA00271672 /* Accordian Back RT G3.wav in Resources */,
				99777AAD2BB8EBBA00271672 /* Accordian Front RT A#3.wav in Resources */,
				99777A3B2BB8EBBA00271672 /* Accordian Back F D#4.wav in Resources */,
				99777A6F2BB8EBBA00271672 /* Accordian Back RT D4.wav in Resources */,
				99777A412BB8EBBA00271672 /* Accordian Back F F#4.wav in Resources */,
				99777AAE2BB8EBBA00271672 /* Accordian Front RT A#4.wav in Resources */,
				99777A302BB8EBBA00271672 /* Accordian Back F A#4.wav in Resources */,
				99777A312BB8EBBA00271672 /* Accordian Back F A3.wav in Resources */,
				99777ABC2BB8EBBA00271672 /* Accordian Front RT E3.wav in Resources */,
				99777A632BB8EBBA00271672 /* Accordian Back RT A3.wav in Resources */,
				99777A6A2BB8EBBA00271672 /* Accordian Back RT C4.wav in Resources */,
				998EB0C52BB7E76D00B836EA /* ImageBasedLighting.skybox in Resources */,
				99777A392BB8EBBA00271672 /* Accordian Back F C5.wav in Resources */,
				99777A6C2BB8EBBA00271672 /* Accordian Back RT D#3.wav in Resources */,
				99777A8C2BB8EBBA00271672 /* Accordian Front F F#3.wav in Resources */,
				99777A452BB8EBBA00271672 /* Accordian Back F G#4.wav in Resources */,
				99777A692BB8EBBA00271672 /* Accordian Back RT C3.wav in Resources */,
				99777AA42BB8EBBA00271672 /* Accordian Front P E4.wav in Resources */,
				99777A4F2BB8EBBA00271672 /* Accordian Back P C#4.wav in Resources */,
				99777A542BB8EBBA00271672 /* Accordian Back P D#4.wav in Resources */,
				99777A702BB8EBBA00271672 /* Accordian Back RT E3.wav in Resources */,
				99777A582BB8EBBA00271672 /* Accordian Back P E4.wav in Resources */,
				99777A952BB8EBBA00271672 /* Accordian Front P A#4.wav in Resources */,
				99777A942BB8EBBA00271672 /* Accordian Front P A#3.wav in Resources */,
				99777AAF2BB8EBBA00271672 /* Accordian Front RT A3.wav in Resources */,
				99777A8D2BB8EBBA00271672 /* Accordian Front F F#4.wav in Resources */,
				99777AA82BB8EBBA00271672 /* Accordian Front P F4.wav in Resources */,
				99777A922BB8EBBA00271672 /* Accordian Front F G3.wav in Resources */,
				99777AA02BB8EBBA00271672 /* Accordian Front P D#4.wav in Resources */,
				99777A5F2BB8EBBA00271672 /* Accordian Back P G3.wav in Resources */,
				99777AA72BB8EBBA00271672 /* Accordian Front P F3.wav in Resources */,
				99777A362BB8EBBA00271672 /* Accordian Back F C#4.wav in Resources */,
				99777AB12BB8EBBA00271672 /* Accordian Front RT B3.wav in Resources */,
				99777A722BB8EBBA00271672 /* Accordian Back RT F#3.wav in Resources */,
				99777AB72BB8EBBA00271672 /* Accordian Front RT C5.wav in Resources */,
				99777AC02BB8EBBA00271672 /* Accordian Front RT F3.wav in Resources */,
				99777A9C2BB8EBBA00271672 /* Accordian Front P C3.wav in Resources */,
				99777A712BB8EBBA00271672 /* Accordian Back RT E4.wav in Resources */,
				99777A8F2BB8EBBA00271672 /* Accordian Front F F4.wav in Resources */,
				99777A902BB8EBBA00271672 /* Accordian Front F G#3.wav in Resources */,
				99777A782BB8EBBA00271672 /* Accordian Back RT G3 2.wav in Resources */,
				99777A972BB8EBBA00271672 /* Accordian Front P A4.wav in Resources */,
				99777A572BB8EBBA00271672 /* Accordian Back P E3.wav in Resources */,
				99777A3F2BB8EBBA00271672 /* Accordian Back F E4.wav in Resources */,
				99777A642BB8EBBA00271672 /* Accordian Back RT A4.wav in Resources */,
				99777A402BB8EBBA00271672 /* Accordian Back F F#3.wav in Resources */,
				99777AC42BB8EBBA00271672 /* Accordian Front RT G3 2.wav in Resources */,
				99777A422BB8EBBA00271672 /* Accordian Back F F3.wav in Resources */,
			);
			runOnlyForDeploymentPostprocessing = 0;
		};
		998EB0CE2BB7E76F00B836EA /* Resources */ = {
			isa = PBXResourcesBuildPhase;
			buildActionMask = 2147483647;
			files = (
			);
			runOnlyForDeploymentPostprocessing = 0;
		};
/* End PBXResourcesBuildPhase section */

/* Begin PBXSourcesBuildPhase section */
		998EB0B32BB7E76D00B836EA /* Sources */ = {
			isa = PBXSourcesBuildPhase;
			buildActionMask = 2147483647;
			files = (
				998EB0E22BB7EB8800B836EA /* ConcertinaSynth.swift in Sources */,
				998EB0C12BB7E76D00B836EA /* ContentView.swift in Sources */,
				998EB0BF2BB7E76D00B836EA /* ConcertinaApp.swift in Sources */,
				998EB0C32BB7E76D00B836EA /* ImmersiveView.swift in Sources */,
				998EB0EB2BB8808700B836EA /* HandTrackingView.swift in Sources */,
			);
			runOnlyForDeploymentPostprocessing = 0;
		};
		998EB0CC2BB7E76F00B836EA /* Sources */ = {
			isa = PBXSourcesBuildPhase;
			buildActionMask = 2147483647;
			files = (
				998EB0D52BB7E76F00B836EA /* ConcertinaTests.swift in Sources */,
			);
			runOnlyForDeploymentPostprocessing = 0;
		};
/* End PBXSourcesBuildPhase section */

/* Begin PBXTargetDependency section */
		998EB0D22BB7E76F00B836EA /* PBXTargetDependency */ = {
			isa = PBXTargetDependency;
			target = 998EB0B62BB7E76D00B836EA /* Concertina */;
			targetProxy = 998EB0D12BB7E76F00B836EA /* PBXContainerItemProxy */;
		};
/* End PBXTargetDependency section */

/* Begin XCBuildConfiguration section */
		998EB0D62BB7E76F00B836EA /* Debug */ = {
			isa = XCBuildConfiguration;
			buildSettings = {
				ALWAYS_SEARCH_USER_PATHS = NO;
				ASSETCATALOG_COMPILER_GENERATE_SWIFT_ASSET_SYMBOL_EXTENSIONS = YES;
				CLANG_ANALYZER_NONNULL = YES;
				CLANG_ANALYZER_NUMBER_OBJECT_CONVERSION = YES_AGGRESSIVE;
				CLANG_CXX_LANGUAGE_STANDARD = "gnu++20";
				CLANG_ENABLE_MODULES = YES;
				CLANG_ENABLE_OBJC_ARC = YES;
				CLANG_ENABLE_OBJC_WEAK = YES;
				CLANG_WARN_BLOCK_CAPTURE_AUTORELEASING = YES;
				CLANG_WARN_BOOL_CONVERSION = YES;
				CLANG_WARN_COMMA = YES;
				CLANG_WARN_CONSTANT_CONVERSION = YES;
				CLANG_WARN_DEPRECATED_OBJC_IMPLEMENTATIONS = YES;
				CLANG_WARN_DIRECT_OBJC_ISA_USAGE = YES_ERROR;
				CLANG_WARN_DOCUMENTATION_COMMENTS = YES;
				CLANG_WARN_EMPTY_BODY = YES;
				CLANG_WARN_ENUM_CONVERSION = YES;
				CLANG_WARN_INFINITE_RECURSION = YES;
				CLANG_WARN_INT_CONVERSION = YES;
				CLANG_WARN_NON_LITERAL_NULL_CONVERSION = YES;
				CLANG_WARN_OBJC_IMPLICIT_RETAIN_SELF = YES;
				CLANG_WARN_OBJC_LITERAL_CONVERSION = YES;
				CLANG_WARN_OBJC_ROOT_CLASS = YES_ERROR;
				CLANG_WARN_QUOTED_INCLUDE_IN_FRAMEWORK_HEADER = YES;
				CLANG_WARN_RANGE_LOOP_ANALYSIS = YES;
				CLANG_WARN_STRICT_PROTOTYPES = YES;
				CLANG_WARN_SUSPICIOUS_MOVE = YES;
				CLANG_WARN_UNGUARDED_AVAILABILITY = YES_AGGRESSIVE;
				CLANG_WARN_UNREACHABLE_CODE = YES;
				CLANG_WARN__DUPLICATE_METHOD_MATCH = YES;
				COPY_PHASE_STRIP = NO;
				DEBUG_INFORMATION_FORMAT = dwarf;
				ENABLE_STRICT_OBJC_MSGSEND = YES;
				ENABLE_TESTABILITY = YES;
				ENABLE_USER_SCRIPT_SANDBOXING = YES;
				GCC_C_LANGUAGE_STANDARD = gnu17;
				GCC_DYNAMIC_NO_PIC = NO;
				GCC_NO_COMMON_BLOCKS = YES;
				GCC_OPTIMIZATION_LEVEL = 0;
				GCC_PREPROCESSOR_DEFINITIONS = (
					"DEBUG=1",
					"$(inherited)",
				);
				GCC_WARN_64_TO_32_BIT_CONVERSION = YES;
				GCC_WARN_ABOUT_RETURN_TYPE = YES_ERROR;
				GCC_WARN_UNDECLARED_SELECTOR = YES;
				GCC_WARN_UNINITIALIZED_AUTOS = YES_AGGRESSIVE;
				GCC_WARN_UNUSED_FUNCTION = YES;
				GCC_WARN_UNUSED_VARIABLE = YES;
				LOCALIZATION_PREFERS_STRING_CATALOGS = YES;
				MTL_ENABLE_DEBUG_INFO = INCLUDE_SOURCE;
				MTL_FAST_MATH = YES;
				ONLY_ACTIVE_ARCH = YES;
				SDKROOT = xros;
				SWIFT_ACTIVE_COMPILATION_CONDITIONS = "DEBUG $(inherited)";
				SWIFT_OPTIMIZATION_LEVEL = "-Onone";
				XROS_DEPLOYMENT_TARGET = 1.1;
			};
			name = Debug;
		};
		998EB0D72BB7E76F00B836EA /* Release */ = {
			isa = XCBuildConfiguration;
			buildSettings = {
				ALWAYS_SEARCH_USER_PATHS = NO;
				ASSETCATALOG_COMPILER_GENERATE_SWIFT_ASSET_SYMBOL_EXTENSIONS = YES;
				CLANG_ANALYZER_NONNULL = YES;
				CLANG_ANALYZER_NUMBER_OBJECT_CONVERSION = YES_AGGRESSIVE;
				CLANG_CXX_LANGUAGE_STANDARD = "gnu++20";
				CLANG_ENABLE_MODULES = YES;
				CLANG_ENABLE_OBJC_ARC = YES;
				CLANG_ENABLE_OBJC_WEAK = YES;
				CLANG_WARN_BLOCK_CAPTURE_AUTORELEASING = YES;
				CLANG_WARN_BOOL_CONVERSION = YES;
				CLANG_WARN_COMMA = YES;
				CLANG_WARN_CONSTANT_CONVERSION = YES;
				CLANG_WARN_DEPRECATED_OBJC_IMPLEMENTATIONS = YES;
				CLANG_WARN_DIRECT_OBJC_ISA_USAGE = YES_ERROR;
				CLANG_WARN_DOCUMENTATION_COMMENTS = YES;
				CLANG_WARN_EMPTY_BODY = YES;
				CLANG_WARN_ENUM_CONVERSION = YES;
				CLANG_WARN_INFINITE_RECURSION = YES;
				CLANG_WARN_INT_CONVERSION = YES;
				CLANG_WARN_NON_LITERAL_NULL_CONVERSION = YES;
				CLANG_WARN_OBJC_IMPLICIT_RETAIN_SELF = YES;
				CLANG_WARN_OBJC_LITERAL_CONVERSION = YES;
				CLANG_WARN_OBJC_ROOT_CLASS = YES_ERROR;
				CLANG_WARN_QUOTED_INCLUDE_IN_FRAMEWORK_HEADER = YES;
				CLANG_WARN_RANGE_LOOP_ANALYSIS = YES;
				CLANG_WARN_STRICT_PROTOTYPES = YES;
				CLANG_WARN_SUSPICIOUS_MOVE = YES;
				CLANG_WARN_UNGUARDED_AVAILABILITY = YES_AGGRESSIVE;
				CLANG_WARN_UNREACHABLE_CODE = YES;
				CLANG_WARN__DUPLICATE_METHOD_MATCH = YES;
				COPY_PHASE_STRIP = NO;
				DEBUG_INFORMATION_FORMAT = "dwarf-with-dsym";
				ENABLE_NS_ASSERTIONS = NO;
				ENABLE_STRICT_OBJC_MSGSEND = YES;
				ENABLE_USER_SCRIPT_SANDBOXING = YES;
				GCC_C_LANGUAGE_STANDARD = gnu17;
				GCC_NO_COMMON_BLOCKS = YES;
				GCC_WARN_64_TO_32_BIT_CONVERSION = YES;
				GCC_WARN_ABOUT_RETURN_TYPE = YES_ERROR;
				GCC_WARN_UNDECLARED_SELECTOR = YES;
				GCC_WARN_UNINITIALIZED_AUTOS = YES_AGGRESSIVE;
				GCC_WARN_UNUSED_FUNCTION = YES;
				GCC_WARN_UNUSED_VARIABLE = YES;
				LOCALIZATION_PREFERS_STRING_CATALOGS = YES;
				MTL_ENABLE_DEBUG_INFO = NO;
				MTL_FAST_MATH = YES;
				SDKROOT = xros;
				SWIFT_COMPILATION_MODE = wholemodule;
				VALIDATE_PRODUCT = YES;
				XROS_DEPLOYMENT_TARGET = 1.1;
			};
			name = Release;
		};
		998EB0D92BB7E76F00B836EA /* Debug */ = {
			isa = XCBuildConfiguration;
			buildSettings = {
				ASSETCATALOG_COMPILER_APPICON_NAME = AppIcon;
				ASSETCATALOG_COMPILER_GLOBAL_ACCENT_COLOR_NAME = AccentColor;
				CODE_SIGN_STYLE = Automatic;
				CURRENT_PROJECT_VERSION = 1;
				DEVELOPMENT_ASSET_PATHS = "\"Concertina/Preview Content\"";
				DEVELOPMENT_TEAM = 668C4Y7A9L;
				ENABLE_PREVIEWS = YES;
				GENERATE_INFOPLIST_FILE = YES;
				INFOPLIST_FILE = "$(TARGET_NAME)/Info.plist";
				LD_RUNPATH_SEARCH_PATHS = (
					"$(inherited)",
					"@executable_path/Frameworks",
				);
				MARKETING_VERSION = 1.0;
				PRODUCT_BUNDLE_IDENTIFIER = com.forester.Concertina;
				PRODUCT_NAME = "$(TARGET_NAME)";
				SUPPORTED_PLATFORMS = "xros xrsimulator";
				SWIFT_EMIT_LOC_STRINGS = YES;
				SWIFT_VERSION = 5.0;
				TARGETED_DEVICE_FAMILY = "1,2,7";
			};
			name = Debug;
		};
		998EB0DA2BB7E76F00B836EA /* Release */ = {
			isa = XCBuildConfiguration;
			buildSettings = {
				ASSETCATALOG_COMPILER_APPICON_NAME = AppIcon;
				ASSETCATALOG_COMPILER_GLOBAL_ACCENT_COLOR_NAME = AccentColor;
				CODE_SIGN_STYLE = Automatic;
				CURRENT_PROJECT_VERSION = 1;
				DEVELOPMENT_ASSET_PATHS = "\"Concertina/Preview Content\"";
				DEVELOPMENT_TEAM = 668C4Y7A9L;
				ENABLE_PREVIEWS = YES;
				GENERATE_INFOPLIST_FILE = YES;
				INFOPLIST_FILE = "$(TARGET_NAME)/Info.plist";
				LD_RUNPATH_SEARCH_PATHS = (
					"$(inherited)",
					"@executable_path/Frameworks",
				);
				MARKETING_VERSION = 1.0;
				PRODUCT_BUNDLE_IDENTIFIER = com.forester.Concertina;
				PRODUCT_NAME = "$(TARGET_NAME)";
				SUPPORTED_PLATFORMS = "xros xrsimulator";
				SWIFT_EMIT_LOC_STRINGS = YES;
				SWIFT_VERSION = 5.0;
				TARGETED_DEVICE_FAMILY = "1,2,7";
			};
			name = Release;
		};
		998EB0DC2BB7E76F00B836EA /* Debug */ = {
			isa = XCBuildConfiguration;
			buildSettings = {
				ALWAYS_EMBED_SWIFT_STANDARD_LIBRARIES = YES;
				BUNDLE_LOADER = "$(TEST_HOST)";
				CODE_SIGN_STYLE = Automatic;
				CURRENT_PROJECT_VERSION = 1;
				DEVELOPMENT_TEAM = 668C4Y7A9L;
				GENERATE_INFOPLIST_FILE = YES;
				MARKETING_VERSION = 1.0;
				PRODUCT_BUNDLE_IDENTIFIER = com.forester.Concertina.ConcertinaTests;
				PRODUCT_NAME = "$(TARGET_NAME)";
				SUPPORTED_PLATFORMS = "xros xrsimulator";
				SWIFT_EMIT_LOC_STRINGS = NO;
				SWIFT_VERSION = 5.0;
				TARGETED_DEVICE_FAMILY = "1,2,7";
				TEST_HOST = "$(BUILT_PRODUCTS_DIR)/Concertina.app/$(BUNDLE_EXECUTABLE_FOLDER_PATH)/Concertina";
				XROS_DEPLOYMENT_TARGET = 1.1;
			};
			name = Debug;
		};
		998EB0DD2BB7E76F00B836EA /* Release */ = {
			isa = XCBuildConfiguration;
			buildSettings = {
				ALWAYS_EMBED_SWIFT_STANDARD_LIBRARIES = YES;
				BUNDLE_LOADER = "$(TEST_HOST)";
				CODE_SIGN_STYLE = Automatic;
				CURRENT_PROJECT_VERSION = 1;
				DEVELOPMENT_TEAM = 668C4Y7A9L;
				GENERATE_INFOPLIST_FILE = YES;
				MARKETING_VERSION = 1.0;
				PRODUCT_BUNDLE_IDENTIFIER = com.forester.Concertina.ConcertinaTests;
				PRODUCT_NAME = "$(TARGET_NAME)";
				SUPPORTED_PLATFORMS = "xros xrsimulator";
				SWIFT_EMIT_LOC_STRINGS = NO;
				SWIFT_VERSION = 5.0;
				TARGETED_DEVICE_FAMILY = "1,2,7";
				TEST_HOST = "$(BUILT_PRODUCTS_DIR)/Concertina.app/$(BUNDLE_EXECUTABLE_FOLDER_PATH)/Concertina";
				XROS_DEPLOYMENT_TARGET = 1.1;
			};
			name = Release;
		};
/* End XCBuildConfiguration section */

/* Begin XCConfigurationList section */
		998EB0B22BB7E76D00B836EA /* Build configuration list for PBXProject "Concertina" */ = {
			isa = XCConfigurationList;
			buildConfigurations = (
				998EB0D62BB7E76F00B836EA /* Debug */,
				998EB0D72BB7E76F00B836EA /* Release */,
			);
			defaultConfigurationIsVisible = 0;
			defaultConfigurationName = Release;
		};
		998EB0D82BB7E76F00B836EA /* Build configuration list for PBXNativeTarget "Concertina" */ = {
			isa = XCConfigurationList;
			buildConfigurations = (
				998EB0D92BB7E76F00B836EA /* Debug */,
				998EB0DA2BB7E76F00B836EA /* Release */,
			);
			defaultConfigurationIsVisible = 0;
			defaultConfigurationName = Release;
		};
		998EB0DB2BB7E76F00B836EA /* Build configuration list for PBXNativeTarget "ConcertinaTests" */ = {
			isa = XCConfigurationList;
			buildConfigurations = (
				998EB0DC2BB7E76F00B836EA /* Debug */,
				998EB0DD2BB7E76F00B836EA /* Release */,
			);
			defaultConfigurationIsVisible = 0;
			defaultConfigurationName = Release;
		};
/* End XCConfigurationList section */

/* Begin XCRemoteSwiftPackageReference section */
		99777AC92BB8EDC300271672 /* XCRemoteSwiftPackageReference "DunneAudioKit" */ = {
			isa = XCRemoteSwiftPackageReference;
			repositoryURL = "https://github.com/AudioKit/DunneAudioKit.git";
			requirement = {
				kind = upToNextMajorVersion;
				minimumVersion = 5.6.1;
			};
		};
		998EB0DE2BB7E96900B836EA /* XCRemoteSwiftPackageReference "AudioKit" */ = {
			isa = XCRemoteSwiftPackageReference;
			repositoryURL = "https://github.com/AudioKit/AudioKit.git";
			requirement = {
				kind = upToNextMajorVersion;
				minimumVersion = 5.6.3;
			};
		};
		998EB0E32BB7EC1C00B836EA /* XCRemoteSwiftPackageReference "SoundpipeAudioKit" */ = {
			isa = XCRemoteSwiftPackageReference;
			repositoryURL = "https://github.com/AudioKit/SoundpipeAudioKit.git";
			requirement = {
				kind = upToNextMajorVersion;
				minimumVersion = 5.6.1;
			};
		};
		998EB0E72BB7ED2F00B836EA /* XCRemoteSwiftPackageReference "Tonic" */ = {
			isa = XCRemoteSwiftPackageReference;
			repositoryURL = "https://github.com/AudioKit/Tonic.git";
			requirement = {
				kind = upToNextMajorVersion;
				minimumVersion = 1.3.2;
			};
		};
/* End XCRemoteSwiftPackageReference section */

/* Begin XCSwiftPackageProductDependency section */
		99777ACA2BB8EDC300271672 /* DunneAudioKit */ = {
			isa = XCSwiftPackageProductDependency;
			package = 99777AC92BB8EDC300271672 /* XCRemoteSwiftPackageReference "DunneAudioKit" */;
			productName = DunneAudioKit;
		};
		998EB0BC2BB7E76D00B836EA /* RealityKitContent */ = {
			isa = XCSwiftPackageProductDependency;
			productName = RealityKitContent;
		};
		998EB0DF2BB7E96900B836EA /* AudioKit */ = {
			isa = XCSwiftPackageProductDependency;
			package = 998EB0DE2BB7E96900B836EA /* XCRemoteSwiftPackageReference "AudioKit" */;
			productName = AudioKit;
		};
		998EB0E52BB7ECF500B836EA /* SoundpipeAudioKit */ = {
			isa = XCSwiftPackageProductDependency;
			package = 998EB0E32BB7EC1C00B836EA /* XCRemoteSwiftPackageReference "SoundpipeAudioKit" */;
			productName = SoundpipeAudioKit;
		};
		998EB0E82BB7ED2F00B836EA /* Tonic */ = {
			isa = XCSwiftPackageProductDependency;
			package = 998EB0E72BB7ED2F00B836EA /* XCRemoteSwiftPackageReference "Tonic" */;
			productName = Tonic;
		};
/* End XCSwiftPackageProductDependency section */
	};
	rootObject = 998EB0AF2BB7E76D00B836EA /* Project object */;
}
